// !$*UTF8*$!
{
	archiveVersion = 1;
	classes = {
	};
	objectVersion = 46;
	objects = {

/* Begin PBXBuildFile section */
		1CD33E884D9E3358252E82A1 /* ofxToggle.cpp in Sources */ = {isa = PBXBuildFile; fileRef = 907C5B5E104864A2D3A25745 /* ofxToggle.cpp */; };
		1D25D6E6AE2F67E43CF6DDB5 /* ofxHandGenerator.cpp in Sources */ = {isa = PBXBuildFile; fileRef = B653DE8AD9A5392B418CDB4B /* ofxHandGenerator.cpp */; };
		26B614E2359EBDB37A5D650B /* ofxOpenNIContext.cpp in Sources */ = {isa = PBXBuildFile; fileRef = F4E22DAB3CA69E22E74BD117 /* ofxOpenNIContext.cpp */; };
		33EC4D772F294CE539AAE999 /* ofxTrackedUser.cpp in Sources */ = {isa = PBXBuildFile; fileRef = 3A586DDE2EB50C86D17A9E3F /* ofxTrackedUser.cpp */; };
		364E84C04EAAA7503499AA39 /* ofxDepthGenerator.cpp in Sources */ = {isa = PBXBuildFile; fileRef = 968F744193CB1CB71FC2112E /* ofxDepthGenerator.cpp */; };
		418346CDE600300D3E7F50B7 /* ofxImageGenerator.cpp in Sources */ = {isa = PBXBuildFile; fileRef = 33A0C89CFE0B8CA82059856C /* ofxImageGenerator.cpp */; };
		483908258D00B98B4BE69F07 /* ofxLabel.cpp in Sources */ = {isa = PBXBuildFile; fileRef = 78D67A00EB899FAC09430597 /* ofxLabel.cpp */; };
		5CBB2AB3A60F65431D7B555D /* ofxButton.cpp in Sources */ = {isa = PBXBuildFile; fileRef = C88333E71C9457E441C33474 /* ofxButton.cpp */; };
		61EF35710DBE6080B4A0FD55 /* ofxTrackedHand.cpp in Sources */ = {isa = PBXBuildFile; fileRef = F1F55991C5FB843336ACB396 /* ofxTrackedHand.cpp */; };
		837220E80EB56CD44AD27F2A /* ofxSlider.cpp in Sources */ = {isa = PBXBuildFile; fileRef = 15F2C6477A769C03A56D1401 /* ofxSlider.cpp */; };
		856AA354D08AB4B323081444 /* ofxBaseGui.cpp in Sources */ = {isa = PBXBuildFile; fileRef = 9604B925D32EE39065747725 /* ofxBaseGui.cpp */; };
		A234468D1C722C7D00BFE8A2 /* ParticleSystem.cpp in Sources */ = {isa = PBXBuildFile; fileRef = A234468B1C722C7D00BFE8A2 /* ParticleSystem.cpp */; };
		A236F0271C71228A007FBB2C /* Particle.cpp in Sources */ = {isa = PBXBuildFile; fileRef = A236F0251C71228A007FBB2C /* Particle.cpp */; };
		A27A780B1C703F6400D20BDA /* libOpenNI.dylib in Frameworks */ = {isa = PBXBuildFile; fileRef = A27A780A1C703F6400D20BDA /* libOpenNI.dylib */; };
		B266578FC55D23BFEBC042E7 /* ofxGuiGroup.cpp in Sources */ = {isa = PBXBuildFile; fileRef = ECF8674C7975F1063C5E30CA /* ofxGuiGroup.cpp */; };
		B56FE57CC35806596D38118C /* ofxSliderGroup.cpp in Sources */ = {isa = PBXBuildFile; fileRef = 802251BAF1B35B1D67B32FD0 /* ofxSliderGroup.cpp */; };
		BB1439B371F00950B3CB67E0 /* ofxHardwareDriver.cpp in Sources */ = {isa = PBXBuildFile; fileRef = 8E8B3CA3DE67CFFBDAFAF5EF /* ofxHardwareDriver.cpp */; };
		BC71C1F0AD16FA8D0209A28E /* ofxOpenNIRecorder.cpp in Sources */ = {isa = PBXBuildFile; fileRef = 372247ACA75768F7484E2CD0 /* ofxOpenNIRecorder.cpp */; };
		D6BCA197CEF7E8432C0AF1E7 /* ofxGestureGenerator.cpp in Sources */ = {isa = PBXBuildFile; fileRef = C1C80A2F3D1FC102AB92BAEA /* ofxGestureGenerator.cpp */; };
		DEF41A8F6B551BD14E2DE3DA /* ofxUserGenerator.cpp in Sources */ = {isa = PBXBuildFile; fileRef = 5A24F8AFCE5D490A9506BEB6 /* ofxUserGenerator.cpp */; };
		E4328149138ABC9F0047C5CB /* openFrameworksDebug.a in Frameworks */ = {isa = PBXBuildFile; fileRef = E4328148138ABC890047C5CB /* openFrameworksDebug.a */; };
		E4B69E200A3A1BDC003C02F2 /* main.cpp in Sources */ = {isa = PBXBuildFile; fileRef = E4B69E1D0A3A1BDC003C02F2 /* main.cpp */; };
		E4B69E210A3A1BDC003C02F2 /* ofApp.cpp in Sources */ = {isa = PBXBuildFile; fileRef = E4B69E1E0A3A1BDC003C02F2 /* ofApp.cpp */; };
		F285EB3169F1566CA3D93C20 /* ofxPanel.cpp in Sources */ = {isa = PBXBuildFile; fileRef = E112B3AEBEA2C091BF2B40AE /* ofxPanel.cpp */; };
		FF0EF0CA1798398E26CA3EE6 /* ofxIRGenerator.cpp in Sources */ = {isa = PBXBuildFile; fileRef = A6FC9B266540D401B2D5D2F8 /* ofxIRGenerator.cpp */; };
/* End PBXBuildFile section */

/* Begin PBXContainerItemProxy section */
		E4328147138ABC890047C5CB /* PBXContainerItemProxy */ = {
			isa = PBXContainerItemProxy;
			containerPortal = E4328143138ABC890047C5CB /* openFrameworksLib.xcodeproj */;
			proxyType = 2;
			remoteGlobalIDString = E4B27C1510CBEB8E00536013;
			remoteInfo = openFrameworks;
		};
		E4EEB9AB138B136A00A80321 /* PBXContainerItemProxy */ = {
			isa = PBXContainerItemProxy;
			containerPortal = E4328143138ABC890047C5CB /* openFrameworksLib.xcodeproj */;
			proxyType = 1;
			remoteGlobalIDString = E4B27C1410CBEB8E00536013;
			remoteInfo = openFrameworks;
		};
/* End PBXContainerItemProxy section */

/* Begin PBXCopyFilesBuildPhase section */
		E4C2427710CC5ABF004149E2 /* CopyFiles */ = {
			isa = PBXCopyFilesBuildPhase;
			buildActionMask = 2147483647;
			dstPath = "";
			dstSubfolderSpec = 10;
			files = (
			);
			runOnlyForDeploymentPostprocessing = 0;
		};
/* End PBXCopyFilesBuildPhase section */

/* Begin PBXFileReference section */
		0257B7B7D3C14FED4241775E /* XnVGesture.h */ = {isa = PBXFileReference; explicitFileType = sourcecode.c.h; fileEncoding = 30; name = XnVGesture.h; path = ../../../addons/ofxOpenNI_NC/libs/openni/include/nite/XnVGesture.h; sourceTree = SOURCE_ROOT; };
		0259E81DEF669C89B6DFB544 /* XnOSWin32.h */ = {isa = PBXFileReference; explicitFileType = sourcecode.c.h; fileEncoding = 30; name = XnOSWin32.h; path = ../../../addons/ofxOpenNI_NC/libs/openni/include/openni/Win32/XnOSWin32.h; sourceTree = SOURCE_ROOT; };
		04D5CCA5E0C702005A4DA01E /* XnUSBDevice.h */ = {isa = PBXFileReference; explicitFileType = sourcecode.c.h; fileEncoding = 30; name = XnUSBDevice.h; path = ../../../addons/ofxOpenNI_NC/libs/openni/include/openni/XnUSBDevice.h; sourceTree = SOURCE_ROOT; };
		06E3AA3BA110BC0E8C384120 /* XnVSessionMessage.h */ = {isa = PBXFileReference; explicitFileType = sourcecode.c.h; fileEncoding = 30; name = XnVSessionMessage.h; path = ../../../addons/ofxOpenNI_NC/libs/openni/include/nite/XnVSessionMessage.h; sourceTree = SOURCE_ROOT; };
		07DF136CA1B0AA0AF2C129A4 /* XnStatus.h */ = {isa = PBXFileReference; explicitFileType = sourcecode.c.h; fileEncoding = 30; name = XnStatus.h; path = ../../../addons/ofxOpenNI_NC/libs/openni/include/openni/XnStatus.h; sourceTree = SOURCE_ROOT; };
		09BC57AE45C3C993653D3DE3 /* ofxGestureGenerator.h */ = {isa = PBXFileReference; explicitFileType = sourcecode.c.h; fileEncoding = 30; name = ofxGestureGenerator.h; path = ../../../addons/ofxOpenNI_NC/src/ofxGestureGenerator.h; sourceTree = SOURCE_ROOT; };
		0A1DAC09F322AE313A40706D /* ofxToggle.h */ = {isa = PBXFileReference; explicitFileType = sourcecode.c.h; fileEncoding = 30; name = ofxToggle.h; path = ../../../addons/ofxGui/src/ofxToggle.h; sourceTree = SOURCE_ROOT; };
		0A496095308500E748F7D3A8 /* XnLicensing.h */ = {isa = PBXFileReference; explicitFileType = sourcecode.c.h; fileEncoding = 30; name = XnLicensing.h; path = ../../../addons/ofxOpenNI_NC/libs/openni/include/openni/XnLicensing.h; sourceTree = SOURCE_ROOT; };
		0E9AE1F6238FD6EB811E9A60 /* XnVCircleDetector.h */ = {isa = PBXFileReference; explicitFileType = sourcecode.c.h; fileEncoding = 30; name = XnVCircleDetector.h; path = ../../../addons/ofxOpenNI_NC/libs/openni/include/nite/XnVCircleDetector.h; sourceTree = SOURCE_ROOT; };
		1059BA22B9CDEBF4CBB38776 /* XnVSlider3D.h */ = {isa = PBXFileReference; explicitFileType = sourcecode.c.h; fileEncoding = 30; name = XnVSlider3D.h; path = ../../../addons/ofxOpenNI_NC/libs/openni/include/nite/XnVSlider3D.h; sourceTree = SOURCE_ROOT; };
		14A138F973F418F2400A5DD0 /* XnQueue.h */ = {isa = PBXFileReference; explicitFileType = sourcecode.c.h; fileEncoding = 30; name = XnQueue.h; path = ../../../addons/ofxOpenNI_NC/libs/openni/include/openni/XnQueue.h; sourceTree = SOURCE_ROOT; };
		15F2C6477A769C03A56D1401 /* ofxSlider.cpp */ = {isa = PBXFileReference; explicitFileType = sourcecode.cpp.cpp; fileEncoding = 30; name = ofxSlider.cpp; path = ../../../addons/ofxGui/src/ofxSlider.cpp; sourceTree = SOURCE_ROOT; };
		160A01F18C51FDC7A7304568 /* XnVNite.h */ = {isa = PBXFileReference; explicitFileType = sourcecode.c.h; fileEncoding = 30; name = XnVNite.h; path = ../../../addons/ofxOpenNI_NC/libs/openni/include/nite/XnVNite.h; sourceTree = SOURCE_ROOT; };
		17E65988300FBD9AAA2CD0CA /* ofxGui.h */ = {isa = PBXFileReference; explicitFileType = sourcecode.c.h; fileEncoding = 30; name = ofxGui.h; path = ../../../addons/ofxGui/src/ofxGui.h; sourceTree = SOURCE_ROOT; };
		1A5179963717EC606721A464 /* XnVPointFilter.h */ = {isa = PBXFileReference; explicitFileType = sourcecode.c.h; fileEncoding = 30; name = XnVPointFilter.h; path = ../../../addons/ofxOpenNI_NC/libs/openni/include/nite/XnVPointFilter.h; sourceTree = SOURCE_ROOT; };
		1C0DA2561397A7DE0246858B /* ofxGuiGroup.h */ = {isa = PBXFileReference; explicitFileType = sourcecode.c.h; fileEncoding = 30; name = ofxGuiGroup.h; path = ../../../addons/ofxGui/src/ofxGuiGroup.h; sourceTree = SOURCE_ROOT; };
		21B131D810CEF2FA55C80A5F /* XnStack.h */ = {isa = PBXFileReference; explicitFileType = sourcecode.c.h; fileEncoding = 30; name = XnStack.h; path = ../../../addons/ofxOpenNI_NC/libs/openni/include/openni/XnStack.h; sourceTree = SOURCE_ROOT; };
		21F3521C11642FB75CAC763F /* XnV3DVector.h */ = {isa = PBXFileReference; explicitFileType = sourcecode.c.h; fileEncoding = 30; name = XnV3DVector.h; path = ../../../addons/ofxOpenNI_NC/libs/openni/include/nite/XnV3DVector.h; sourceTree = SOURCE_ROOT; };
		2334F24CF1248121B0D62DEB /* XnVPointControl.h */ = {isa = PBXFileReference; explicitFileType = sourcecode.c.h; fileEncoding = 30; name = XnVPointControl.h; path = ../../../addons/ofxOpenNI_NC/libs/openni/include/nite/XnVPointControl.h; sourceTree = SOURCE_ROOT; };
		23DDF0F8120591440DF8CA4B /* XnVMultiProcessFlowClient.h */ = {isa = PBXFileReference; explicitFileType = sourcecode.c.h; fileEncoding = 30; name = XnVMultiProcessFlowClient.h; path = ../../../addons/ofxOpenNI_NC/libs/openni/include/nite/XnVMultiProcessFlowClient.h; sourceTree = SOURCE_ROOT; };
		2547421A362F9777ECEB56CB /* ofxImageGenerator.h */ = {isa = PBXFileReference; explicitFileType = sourcecode.c.h; fileEncoding = 30; name = ofxImageGenerator.h; path = ../../../addons/ofxOpenNI_NC/src/ofxImageGenerator.h; sourceTree = SOURCE_ROOT; };
		25AC2B1FCE6FD8BA208DAA22 /* XnPropNames.h */ = {isa = PBXFileReference; explicitFileType = sourcecode.c.h; fileEncoding = 30; name = XnPropNames.h; path = ../../../addons/ofxOpenNI_NC/libs/openni/include/openni/XnPropNames.h; sourceTree = SOURCE_ROOT; };
		268375E3D5309F9975737B8C /* XnVPointTracker.h */ = {isa = PBXFileReference; explicitFileType = sourcecode.c.h; fileEncoding = 30; name = XnVPointTracker.h; path = ../../../addons/ofxOpenNI_NC/libs/openni/include/nite/XnVPointTracker.h; sourceTree = SOURCE_ROOT; };
		273146D703007FADC5EC6A43 /* XnVSlider1D.h */ = {isa = PBXFileReference; explicitFileType = sourcecode.c.h; fileEncoding = 30; name = XnVSlider1D.h; path = ../../../addons/ofxOpenNI_NC/libs/openni/include/nite/XnVSlider1D.h; sourceTree = SOURCE_ROOT; };
		27950F1BA87EC08C9F8ECE87 /* XnModuleInterface.h */ = {isa = PBXFileReference; explicitFileType = sourcecode.c.h; fileEncoding = 30; name = XnModuleInterface.h; path = ../../../addons/ofxOpenNI_NC/libs/openni/include/openni/XnModuleInterface.h; sourceTree = SOURCE_ROOT; };
		27FBC45B131AFA359EF725AC /* XnLog.h */ = {isa = PBXFileReference; explicitFileType = sourcecode.c.h; fileEncoding = 30; name = XnLog.h; path = ../../../addons/ofxOpenNI_NC/libs/openni/include/openni/XnLog.h; sourceTree = SOURCE_ROOT; };
		2834D88A62CD23F3DE2C47D1 /* ofxButton.h */ = {isa = PBXFileReference; explicitFileType = sourcecode.c.h; fileEncoding = 30; name = ofxButton.h; path = ../../../addons/ofxGui/src/ofxButton.h; sourceTree = SOURCE_ROOT; };
		2C4D267F5C5AE3E639D83BEB /* XnVMessage.h */ = {isa = PBXFileReference; explicitFileType = sourcecode.c.h; fileEncoding = 30; name = XnVMessage.h; path = ../../../addons/ofxOpenNI_NC/libs/openni/include/nite/XnVMessage.h; sourceTree = SOURCE_ROOT; };
		2E741421B7EB8C1DE2BDCF2D /* ofxDepthGenerator.h */ = {isa = PBXFileReference; explicitFileType = sourcecode.c.h; fileEncoding = 30; name = ofxDepthGenerator.h; path = ../../../addons/ofxOpenNI_NC/src/ofxDepthGenerator.h; sourceTree = SOURCE_ROOT; };
		30B4659681B92D8887EB315D /* XnScheduler.h */ = {isa = PBXFileReference; explicitFileType = sourcecode.c.h; fileEncoding = 30; name = XnScheduler.h; path = ../../../addons/ofxOpenNI_NC/libs/openni/include/openni/XnScheduler.h; sourceTree = SOURCE_ROOT; };
		318E910B9FB1120E2F6AEAB2 /* XnPlatformLinux-x86.h */ = {isa = PBXFileReference; explicitFileType = sourcecode.c.h; fileEncoding = 30; name = "XnPlatformLinux-x86.h"; path = "../../../addons/ofxOpenNI_NC/libs/openni/include/openni/Linux-x86/XnPlatformLinux-x86.h"; sourceTree = SOURCE_ROOT; };
		31EF261FB9FDE965D7A6D77A /* XnLogTypes.h */ = {isa = PBXFileReference; explicitFileType = sourcecode.c.h; fileEncoding = 30; name = XnLogTypes.h; path = ../../../addons/ofxOpenNI_NC/libs/openni/include/openni/XnLogTypes.h; sourceTree = SOURCE_ROOT; };
		33A0C89CFE0B8CA82059856C /* ofxImageGenerator.cpp */ = {isa = PBXFileReference; explicitFileType = sourcecode.cpp.cpp; fileEncoding = 30; name = ofxImageGenerator.cpp; path = ../../../addons/ofxOpenNI_NC/src/ofxImageGenerator.cpp; sourceTree = SOURCE_ROOT; };
		343FB5E65F8F1899A074584E /* XnEnumerationErrors.h */ = {isa = PBXFileReference; explicitFileType = sourcecode.c.h; fileEncoding = 30; name = XnEnumerationErrors.h; path = ../../../addons/ofxOpenNI_NC/libs/openni/include/openni/XnEnumerationErrors.h; sourceTree = SOURCE_ROOT; };
		34A53550D3CB3564208BDA03 /* XnVImageMessage.h */ = {isa = PBXFileReference; explicitFileType = sourcecode.c.h; fileEncoding = 30; name = XnVImageMessage.h; path = ../../../addons/ofxOpenNI_NC/libs/openni/include/nite/XnVImageMessage.h; sourceTree = SOURCE_ROOT; };
		35AFD1C71501B33CA9BF3FEC /* XnVClickableVirtualPlane.h */ = {isa = PBXFileReference; explicitFileType = sourcecode.c.h; fileEncoding = 30; name = XnVClickableVirtualPlane.h; path = ../../../addons/ofxOpenNI_NC/libs/openni/include/nite/XnVClickableVirtualPlane.h; sourceTree = SOURCE_ROOT; };
		372247ACA75768F7484E2CD0 /* ofxOpenNIRecorder.cpp */ = {isa = PBXFileReference; explicitFileType = sourcecode.cpp.cpp; fileEncoding = 30; name = ofxOpenNIRecorder.cpp; path = ../../../addons/ofxOpenNI_NC/src/ofxOpenNIRecorder.cpp; sourceTree = SOURCE_ROOT; };
		39870B6608D97D5A0666C21D /* XnVersion.h */ = {isa = PBXFileReference; explicitFileType = sourcecode.c.h; fileEncoding = 30; name = XnVersion.h; path = ../../../addons/ofxOpenNI_NC/libs/openni/include/openni/XnVersion.h; sourceTree = SOURCE_ROOT; };
		3A586DDE2EB50C86D17A9E3F /* ofxTrackedUser.cpp */ = {isa = PBXFileReference; explicitFileType = sourcecode.cpp.cpp; fileEncoding = 30; name = ofxTrackedUser.cpp; path = ../../../addons/ofxOpenNI_NC/src/ofxTrackedUser.cpp; sourceTree = SOURCE_ROOT; };
		3EB615A1103DE00A295F34E7 /* XnInternalDefs.h */ = {isa = PBXFileReference; explicitFileType = sourcecode.c.h; fileEncoding = 30; name = XnInternalDefs.h; path = ../../../addons/ofxOpenNI_NC/libs/openni/include/openni/XnInternalDefs.h; sourceTree = SOURCE_ROOT; };
		4002EBB622479BD85AFCCFC1 /* XnOSCpp.h */ = {isa = PBXFileReference; explicitFileType = sourcecode.c.h; fileEncoding = 30; name = XnOSCpp.h; path = ../../../addons/ofxOpenNI_NC/libs/openni/include/openni/XnOSCpp.h; sourceTree = SOURCE_ROOT; };
		42113DE82EDF3114D1D1BCA9 /* XnVCircle.h */ = {isa = PBXFileReference; explicitFileType = sourcecode.c.h; fileEncoding = 30; name = XnVCircle.h; path = ../../../addons/ofxOpenNI_NC/libs/openni/include/nite/XnVCircle.h; sourceTree = SOURCE_ROOT; };
		42EFACFBCB704DAF902AC76B /* XnCommon.h */ = {isa = PBXFileReference; explicitFileType = sourcecode.c.h; fileEncoding = 30; name = XnCommon.h; path = ../../../addons/ofxOpenNI_NC/libs/openni/include/nite/XnCommon.h; sourceTree = SOURCE_ROOT; };
		47D0F790106FED8C4F438248 /* XnVActivationMessage.h */ = {isa = PBXFileReference; explicitFileType = sourcecode.c.h; fileEncoding = 30; name = XnVActivationMessage.h; path = ../../../addons/ofxOpenNI_NC/libs/openni/include/nite/XnVActivationMessage.h; sourceTree = SOURCE_ROOT; };
		480F8334CC37BA706C19266D /* XnVDepthGenerator.h */ = {isa = PBXFileReference; explicitFileType = sourcecode.c.h; fileEncoding = 30; name = XnVDepthGenerator.h; path = ../../../addons/ofxOpenNI_NC/libs/openni/include/nite/XnVDepthGenerator.h; sourceTree = SOURCE_ROOT; };
		4844821F542460A6F4461766 /* ofxOpenNI.h */ = {isa = PBXFileReference; explicitFileType = sourcecode.c.h; fileEncoding = 30; name = ofxOpenNI.h; path = ../../../addons/ofxOpenNI_NC/src/ofxOpenNI.h; sourceTree = SOURCE_ROOT; };
		49D1C01426CE3D8AA1734959 /* XnVImageGenerator.h */ = {isa = PBXFileReference; explicitFileType = sourcecode.c.h; fileEncoding = 30; name = XnVImageGenerator.h; path = ../../../addons/ofxOpenNI_NC/libs/openni/include/nite/XnVImageGenerator.h; sourceTree = SOURCE_ROOT; };
		4A0BF0EDA04B94FCFA29FE36 /* XnVDepthMessage.h */ = {isa = PBXFileReference; explicitFileType = sourcecode.c.h; fileEncoding = 30; name = XnVDepthMessage.h; path = ../../../addons/ofxOpenNI_NC/libs/openni/include/nite/XnVDepthMessage.h; sourceTree = SOURCE_ROOT; };
		4A363D687EF3699EFFF5D0E3 /* XnOSARC.h */ = {isa = PBXFileReference; explicitFileType = sourcecode.c.h; fileEncoding = 30; name = XnOSARC.h; path = ../../../addons/ofxOpenNI_NC/libs/openni/include/openni/ARC/XnOSARC.h; sourceTree = SOURCE_ROOT; };
		4C5DBA70164ADD8B5DF24595 /* XnPrdNodeInfo.h */ = {isa = PBXFileReference; explicitFileType = sourcecode.c.h; fileEncoding = 30; name = XnPrdNodeInfo.h; path = ../../../addons/ofxOpenNI_NC/libs/openni/include/openni/XnPrdNodeInfo.h; sourceTree = SOURCE_ROOT; };
		4CFD58EDB6407ABE21ACFFAB /* XnPlatformAndroid-Arm.h */ = {isa = PBXFileReference; explicitFileType = sourcecode.c.h; fileEncoding = 30; name = "XnPlatformAndroid-Arm.h"; path = "../../../addons/ofxOpenNI_NC/libs/openni/include/openni/Android-Arm/XnPlatformAndroid-Arm.h"; sourceTree = SOURCE_ROOT; };
		4DD82CA4D8E4BA03CA86FF9F /* XnNodeAllocator.h */ = {isa = PBXFileReference; explicitFileType = sourcecode.c.h; fileEncoding = 30; name = XnNodeAllocator.h; path = ../../../addons/ofxOpenNI_NC/libs/openni/include/openni/XnNodeAllocator.h; sourceTree = SOURCE_ROOT; };
		4F567CAB209D81D76F117828 /* usb100.h */ = {isa = PBXFileReference; explicitFileType = sourcecode.c.h; fileEncoding = 30; name = usb100.h; path = ../../../addons/ofxOpenNI_NC/libs/openni/include/openni/Win32/usb100.h; sourceTree = SOURCE_ROOT; };
		4FFB96DF4D5C9F3E2619829D /* XnArray.h */ = {isa = PBXFileReference; explicitFileType = sourcecode.c.h; fileEncoding = 30; name = XnArray.h; path = ../../../addons/ofxOpenNI_NC/libs/openni/include/openni/XnArray.h; sourceTree = SOURCE_ROOT; };
		50CD1EFC7539AA6A5D5BC01F /* XnPlatform.h */ = {isa = PBXFileReference; explicitFileType = sourcecode.c.h; fileEncoding = 30; name = XnPlatform.h; path = ../../../addons/ofxOpenNI_NC/libs/openni/include/openni/XnPlatform.h; sourceTree = SOURCE_ROOT; };
		52AFA1F08C420992CAAAE648 /* ofxSlider.h */ = {isa = PBXFileReference; explicitFileType = sourcecode.c.h; fileEncoding = 30; name = ofxSlider.h; path = ../../../addons/ofxGui/src/ofxSlider.h; sourceTree = SOURCE_ROOT; };
		52FD8046C8831BE8A7BB3C78 /* XnPlatformMacOSX.h */ = {isa = PBXFileReference; explicitFileType = sourcecode.c.h; fileEncoding = 30; name = XnPlatformMacOSX.h; path = ../../../addons/ofxOpenNI_NC/libs/openni/include/openni/MacOSX/XnPlatformMacOSX.h; sourceTree = SOURCE_ROOT; };
		56EE68E307AB3B43281B8D4F /* XnOS.h */ = {isa = PBXFileReference; explicitFileType = sourcecode.c.h; fileEncoding = 30; name = XnOS.h; path = ../../../addons/ofxOpenNI_NC/libs/openni/include/openni/XnOS.h; sourceTree = SOURCE_ROOT; };
		5775A789FBE6AB159CBE3AA9 /* XnVFlowRouter.h */ = {isa = PBXFileReference; explicitFileType = sourcecode.c.h; fileEncoding = 30; name = XnVFlowRouter.h; path = ../../../addons/ofxOpenNI_NC/libs/openni/include/nite/XnVFlowRouter.h; sourceTree = SOURCE_ROOT; };
		588324D30029B1B1C1D31A89 /* XnVSessionGenerator.h */ = {isa = PBXFileReference; explicitFileType = sourcecode.c.h; fileEncoding = 30; name = XnVSessionGenerator.h; path = ../../../addons/ofxOpenNI_NC/libs/openni/include/nite/XnVSessionGenerator.h; sourceTree = SOURCE_ROOT; };
		595552FD9E105D4E7893B7B1 /* ofxOpenNIContext.h */ = {isa = PBXFileReference; explicitFileType = sourcecode.c.h; fileEncoding = 30; name = ofxOpenNIContext.h; path = ../../../addons/ofxOpenNI_NC/src/ofxOpenNIContext.h; sourceTree = SOURCE_ROOT; };
		5A0E884EC55EA88171DFC51A /* XnVMessageListener.h */ = {isa = PBXFileReference; explicitFileType = sourcecode.c.h; fileEncoding = 30; name = XnVMessageListener.h; path = ../../../addons/ofxOpenNI_NC/libs/openni/include/nite/XnVMessageListener.h; sourceTree = SOURCE_ROOT; };
		5A24F8AFCE5D490A9506BEB6 /* ofxUserGenerator.cpp */ = {isa = PBXFileReference; explicitFileType = sourcecode.cpp.cpp; fileEncoding = 30; name = ofxUserGenerator.cpp; path = ../../../addons/ofxOpenNI_NC/src/ofxUserGenerator.cpp; sourceTree = SOURCE_ROOT; };
		5A30846B407BE3F066F9ED5C /* XnCppWrapper.h */ = {isa = PBXFileReference; explicitFileType = sourcecode.c.h; fileEncoding = 30; name = XnCppWrapper.h; path = ../../../addons/ofxOpenNI_NC/libs/openni/include/openni/XnCppWrapper.h; sourceTree = SOURCE_ROOT; };
		5C3383CB9CF4F0C27736E2DE /* XnBaseNode.h */ = {isa = PBXFileReference; explicitFileType = sourcecode.c.h; fileEncoding = 30; name = XnBaseNode.h; path = ../../../addons/ofxOpenNI_NC/libs/openni/include/openni/XnBaseNode.h; sourceTree = SOURCE_ROOT; };
		5D7FD90F7C7C1B2DF06FB28A /* XnVDepthControl.h */ = {isa = PBXFileReference; explicitFileType = sourcecode.c.h; fileEncoding = 30; name = XnVDepthControl.h; path = ../../../addons/ofxOpenNI_NC/libs/openni/include/nite/XnVDepthControl.h; sourceTree = SOURCE_ROOT; };
		5FB875F00D1861E5A41E7B98 /* XnVCCMessage.h */ = {isa = PBXFileReference; explicitFileType = sourcecode.c.h; fileEncoding = 30; name = XnVCCMessage.h; path = ../../../addons/ofxOpenNI_NC/libs/openni/include/nite/XnVCCMessage.h; sourceTree = SOURCE_ROOT; };
		619C42C379B7C16966025953 /* XnVMultiItemHysteresis1D.h */ = {isa = PBXFileReference; explicitFileType = sourcecode.c.h; fileEncoding = 30; name = XnVMultiItemHysteresis1D.h; path = ../../../addons/ofxOpenNI_NC/libs/openni/include/nite/XnVMultiItemHysteresis1D.h; sourceTree = SOURCE_ROOT; };
		61A4C030199F978AF485153E /* XnStatusRegister.h */ = {isa = PBXFileReference; explicitFileType = sourcecode.c.h; fileEncoding = 30; name = XnStatusRegister.h; path = ../../../addons/ofxOpenNI_NC/libs/openni/include/openni/XnStatusRegister.h; sourceTree = SOURCE_ROOT; };
		664CA0C7CBB1648E4B164920 /* XnStringsHash.h */ = {isa = PBXFileReference; explicitFileType = sourcecode.c.h; fileEncoding = 30; name = XnStringsHash.h; path = ../../../addons/ofxOpenNI_NC/libs/openni/include/openni/XnStringsHash.h; sourceTree = SOURCE_ROOT; };
		68A6EA374D24FB904AB8B9B3 /* XnVPointDenoiser.h */ = {isa = PBXFileReference; explicitFileType = sourcecode.c.h; fileEncoding = 30; name = XnVPointDenoiser.h; path = ../../../addons/ofxOpenNI_NC/libs/openni/include/nite/XnVPointDenoiser.h; sourceTree = SOURCE_ROOT; };
		68BFA1336285DFEC0C6A0486 /* ofxOpenNIRecorder.h */ = {isa = PBXFileReference; explicitFileType = sourcecode.c.h; fileEncoding = 30; name = ofxOpenNIRecorder.h; path = ../../../addons/ofxOpenNI_NC/src/ofxOpenNIRecorder.h; sourceTree = SOURCE_ROOT; };
		6A2A257DE56506B9F504C2DC /* XnCallback.h */ = {isa = PBXFileReference; explicitFileType = sourcecode.c.h; fileEncoding = 30; name = XnCallback.h; path = ../../../addons/ofxOpenNI_NC/libs/openni/include/openni/XnCallback.h; sourceTree = SOURCE_ROOT; };
		6ADC6CC009CA134ABF607112 /* XnContext.h */ = {isa = PBXFileReference; explicitFileType = sourcecode.c.h; fileEncoding = 30; name = XnContext.h; path = ../../../addons/ofxOpenNI_NC/libs/openni/include/openni/XnContext.h; sourceTree = SOURCE_ROOT; };
		6D24DB60707E20B81ACA0FEB /* XnVNiteControls.h */ = {isa = PBXFileReference; explicitFileType = sourcecode.c.h; fileEncoding = 30; name = XnVNiteControls.h; path = ../../../addons/ofxOpenNI_NC/libs/openni/include/nite/XnVNiteControls.h; sourceTree = SOURCE_ROOT; };
		6F01DD0DE7B162A7C6142ADD /* XnVComplexMessage.h */ = {isa = PBXFileReference; explicitFileType = sourcecode.c.h; fileEncoding = 30; name = XnVComplexMessage.h; path = ../../../addons/ofxOpenNI_NC/libs/openni/include/nite/XnVComplexMessage.h; sourceTree = SOURCE_ROOT; };
		6F90832DAE1B8AFBD98ADA67 /* XnVPointArea.h */ = {isa = PBXFileReference; explicitFileType = sourcecode.c.h; fileEncoding = 30; name = XnVPointArea.h; path = ../../../addons/ofxOpenNI_NC/libs/openni/include/nite/XnVPointArea.h; sourceTree = SOURCE_ROOT; };
		708975E8EEA731CE4A3F7053 /* XnQueries.h */ = {isa = PBXFileReference; explicitFileType = sourcecode.c.h; fileEncoding = 30; name = XnQueries.h; path = ../../../addons/ofxOpenNI_NC/libs/openni/include/openni/XnQueries.h; sourceTree = SOURCE_ROOT; };
		70B4A87C91D23C4D6E0303C0 /* ofxHandGenerator.h */ = {isa = PBXFileReference; explicitFileType = sourcecode.c.h; fileEncoding = 30; name = ofxHandGenerator.h; path = ../../../addons/ofxOpenNI_NC/src/ofxHandGenerator.h; sourceTree = SOURCE_ROOT; };
		736C4A594831DB8744575B53 /* XnVPushDetector.h */ = {isa = PBXFileReference; explicitFileType = sourcecode.c.h; fileEncoding = 30; name = XnVPushDetector.h; path = ../../../addons/ofxOpenNI_NC/libs/openni/include/nite/XnVPushDetector.h; sourceTree = SOURCE_ROOT; };
		7516A613AAEF5225B4B63414 /* XnVMessageGenerator.h */ = {isa = PBXFileReference; explicitFileType = sourcecode.c.h; fileEncoding = 30; name = XnVMessageGenerator.h; path = ../../../addons/ofxOpenNI_NC/libs/openni/include/nite/XnVMessageGenerator.h; sourceTree = SOURCE_ROOT; };
		78D67A00EB899FAC09430597 /* ofxLabel.cpp */ = {isa = PBXFileReference; explicitFileType = sourcecode.cpp.cpp; fileEncoding = 30; name = ofxLabel.cpp; path = ../../../addons/ofxGui/src/ofxLabel.cpp; sourceTree = SOURCE_ROOT; };
		7DB71BA9C8D2729D8D671C78 /* XnOpenNI.h */ = {isa = PBXFileReference; explicitFileType = sourcecode.c.h; fileEncoding = 30; name = XnOpenNI.h; path = ../../../addons/ofxOpenNI_NC/libs/openni/include/openni/XnOpenNI.h; sourceTree = SOURCE_ROOT; };
		7EE2F9274AE2E7E5B7B5ACC1 /* XnVSessionListener.h */ = {isa = PBXFileReference; explicitFileType = sourcecode.c.h; fileEncoding = 30; name = XnVSessionListener.h; path = ../../../addons/ofxOpenNI_NC/libs/openni/include/nite/XnVSessionListener.h; sourceTree = SOURCE_ROOT; };
		7F293D6374F65D29ED6286ED /* XnAlgorithms.h */ = {isa = PBXFileReference; explicitFileType = sourcecode.c.h; fileEncoding = 30; name = XnAlgorithms.h; path = ../../../addons/ofxOpenNI_NC/libs/openni/include/openni/XnAlgorithms.h; sourceTree = SOURCE_ROOT; };
		802251BAF1B35B1D67B32FD0 /* ofxSliderGroup.cpp */ = {isa = PBXFileReference; explicitFileType = sourcecode.cpp.cpp; fileEncoding = 30; name = ofxSliderGroup.cpp; path = ../../../addons/ofxGui/src/ofxSliderGroup.cpp; sourceTree = SOURCE_ROOT; };
		80567E2FD97DA63D971A16D6 /* XnVBroadcaster.h */ = {isa = PBXFileReference; explicitFileType = sourcecode.c.h; fileEncoding = 30; name = XnVBroadcaster.h; path = ../../../addons/ofxOpenNI_NC/libs/openni/include/nite/XnVBroadcaster.h; sourceTree = SOURCE_ROOT; };
		81D72A87B6ADF35A4D5A7DC0 /* XnDump.h */ = {isa = PBXFileReference; explicitFileType = sourcecode.c.h; fileEncoding = 30; name = XnDump.h; path = ../../../addons/ofxOpenNI_NC/libs/openni/include/openni/XnDump.h; sourceTree = SOURCE_ROOT; };
		8743B361ECC4317FF4D810D9 /* XnMacros.h */ = {isa = PBXFileReference; explicitFileType = sourcecode.c.h; fileEncoding = 30; name = XnMacros.h; path = ../../../addons/ofxOpenNI_NC/libs/openni/include/openni/XnMacros.h; sourceTree = SOURCE_ROOT; };
		87F26B4B24CBD428AD9EEBAA /* ofxBaseGui.h */ = {isa = PBXFileReference; explicitFileType = sourcecode.c.h; fileEncoding = 30; name = ofxBaseGui.h; path = ../../../addons/ofxGui/src/ofxBaseGui.h; sourceTree = SOURCE_ROOT; };
		881AA0BBDEFD27FDE8E4988C /* XnTypes.h */ = {isa = PBXFileReference; explicitFileType = sourcecode.c.h; fileEncoding = 30; name = XnTypes.h; path = ../../../addons/ofxOpenNI_NC/libs/openni/include/openni/XnTypes.h; sourceTree = SOURCE_ROOT; };
		89449E3044D456F7DE7BEA14 /* ofxPanel.h */ = {isa = PBXFileReference; explicitFileType = sourcecode.c.h; fileEncoding = 30; name = ofxPanel.h; path = ../../../addons/ofxGui/src/ofxPanel.h; sourceTree = SOURCE_ROOT; };
		8A877E9618DEE692403D04C2 /* XnVMultiProcessFlowServer.h */ = {isa = PBXFileReference; explicitFileType = sourcecode.c.h; fileEncoding = 30; name = XnVMultiProcessFlowServer.h; path = ../../../addons/ofxOpenNI_NC/libs/openni/include/nite/XnVMultiProcessFlowServer.h; sourceTree = SOURCE_ROOT; };
		8D4134FFED5F8FA8078F25A4 /* XnVDeviceControl.h */ = {isa = PBXFileReference; explicitFileType = sourcecode.c.h; fileEncoding = 30; name = XnVDeviceControl.h; path = ../../../addons/ofxOpenNI_NC/libs/openni/include/nite/XnVDeviceControl.h; sourceTree = SOURCE_ROOT; };
		8E12B403BA051164432484FE /* XnModuleCppRegistratration.h */ = {isa = PBXFileReference; explicitFileType = sourcecode.c.h; fileEncoding = 30; name = XnModuleCppRegistratration.h; path = ../../../addons/ofxOpenNI_NC/libs/openni/include/openni/XnModuleCppRegistratration.h; sourceTree = SOURCE_ROOT; };
		8E3FC9F0675D6C69B04E6B8F /* XnBitSet.h */ = {isa = PBXFileReference; explicitFileType = sourcecode.c.h; fileEncoding = 30; name = XnBitSet.h; path = ../../../addons/ofxOpenNI_NC/libs/openni/include/openni/XnBitSet.h; sourceTree = SOURCE_ROOT; };
		8E8B3CA3DE67CFFBDAFAF5EF /* ofxHardwareDriver.cpp */ = {isa = PBXFileReference; explicitFileType = sourcecode.cpp.cpp; fileEncoding = 30; name = ofxHardwareDriver.cpp; path = ../../../addons/ofxOpenNI_NC/src/ofxHardwareDriver.cpp; sourceTree = SOURCE_ROOT; };
		907C5B5E104864A2D3A25745 /* ofxToggle.cpp */ = {isa = PBXFileReference; explicitFileType = sourcecode.cpp.cpp; fileEncoding = 30; name = ofxToggle.cpp; path = ../../../addons/ofxGui/src/ofxToggle.cpp; sourceTree = SOURCE_ROOT; };
		92725C4BB00C0E85A3592FFD /* XnPlatformWin32.h */ = {isa = PBXFileReference; explicitFileType = sourcecode.c.h; fileEncoding = 30; name = XnPlatformWin32.h; path = ../../../addons/ofxOpenNI_NC/libs/openni/include/openni/Win32/XnPlatformWin32.h; sourceTree = SOURCE_ROOT; };
		94A524B33680B29BAFAD11DE /* XnVSelectableSlider2D.h */ = {isa = PBXFileReference; explicitFileType = sourcecode.c.h; fileEncoding = 30; name = XnVSelectableSlider2D.h; path = ../../../addons/ofxOpenNI_NC/libs/openni/include/nite/XnVSelectableSlider2D.h; sourceTree = SOURCE_ROOT; };
		9604B925D32EE39065747725 /* ofxBaseGui.cpp */ = {isa = PBXFileReference; explicitFileType = sourcecode.cpp.cpp; fileEncoding = 30; name = ofxBaseGui.cpp; path = ../../../addons/ofxGui/src/ofxBaseGui.cpp; sourceTree = SOURCE_ROOT; };
		968F744193CB1CB71FC2112E /* ofxDepthGenerator.cpp */ = {isa = PBXFileReference; explicitFileType = sourcecode.cpp.cpp; fileEncoding = 30; name = ofxDepthGenerator.cpp; path = ../../../addons/ofxOpenNI_NC/src/ofxDepthGenerator.cpp; sourceTree = SOURCE_ROOT; };
		9C0D2676082736277C48CD51 /* XnVDirection.h */ = {isa = PBXFileReference; explicitFileType = sourcecode.c.h; fileEncoding = 30; name = XnVDirection.h; path = ../../../addons/ofxOpenNI_NC/libs/openni/include/nite/XnVDirection.h; sourceTree = SOURCE_ROOT; };
		A16AC4429EEECA37F0E717F6 /* XnList.h */ = {isa = PBXFileReference; explicitFileType = sourcecode.c.h; fileEncoding = 30; name = XnList.h; path = ../../../addons/ofxOpenNI_NC/libs/openni/include/openni/XnList.h; sourceTree = SOURCE_ROOT; };
		A234468B1C722C7D00BFE8A2 /* ParticleSystem.cpp */ = {isa = PBXFileReference; fileEncoding = 4; lastKnownFileType = sourcecode.cpp.cpp; path = ParticleSystem.cpp; sourceTree = "<group>"; };
		A234468C1C722C7D00BFE8A2 /* ParticleSystem.h */ = {isa = PBXFileReference; fileEncoding = 4; lastKnownFileType = sourcecode.c.h; path = ParticleSystem.h; sourceTree = "<group>"; };
		A236F0251C71228A007FBB2C /* Particle.cpp */ = {isa = PBXFileReference; fileEncoding = 4; lastKnownFileType = sourcecode.cpp.cpp; path = Particle.cpp; sourceTree = "<group>"; };
		A236F0261C71228A007FBB2C /* Particle.h */ = {isa = PBXFileReference; fileEncoding = 4; lastKnownFileType = sourcecode.c.h; path = Particle.h; sourceTree = "<group>"; };
		A27A780A1C703F6400D20BDA /* libOpenNI.dylib */ = {isa = PBXFileReference; lastKnownFileType = "compiled.mach-o.dylib"; name = libOpenNI.dylib; path = bin/data/openni/lib/libOpenNI.dylib; sourceTree = "<group>"; };
		A2EE8D1F2E5F490D5BA1AEFC /* XnCodecIDs.h */ = {isa = PBXFileReference; explicitFileType = sourcecode.c.h; fileEncoding = 30; name = XnCodecIDs.h; path = ../../../addons/ofxOpenNI_NC/libs/openni/include/openni/XnCodecIDs.h; sourceTree = SOURCE_ROOT; };
		A3B194013841924F6D11FF08 /* XnVNiteLog.h */ = {isa = PBXFileReference; explicitFileType = sourcecode.c.h; fileEncoding = 30; name = XnVNiteLog.h; path = ../../../addons/ofxOpenNI_NC/libs/openni/include/nite/XnVNiteLog.h; sourceTree = SOURCE_ROOT; };
		A3DBC54EF9FC96BE0BFE2E13 /* XnVHandle.h */ = {isa = PBXFileReference; explicitFileType = sourcecode.c.h; fileEncoding = 30; name = XnVHandle.h; path = ../../../addons/ofxOpenNI_NC/libs/openni/include/nite/XnVHandle.h; sourceTree = SOURCE_ROOT; };
		A6CEA27661EF7F12BAF37BD0 /* XnVSwipeDetector.h */ = {isa = PBXFileReference; explicitFileType = sourcecode.c.h; fileEncoding = 30; name = XnVSwipeDetector.h; path = ../../../addons/ofxOpenNI_NC/libs/openni/include/nite/XnVSwipeDetector.h; sourceTree = SOURCE_ROOT; };
		A6FC9B266540D401B2D5D2F8 /* ofxIRGenerator.cpp */ = {isa = PBXFileReference; explicitFileType = sourcecode.cpp.cpp; fileEncoding = 30; name = ofxIRGenerator.cpp; path = ../../../addons/ofxOpenNI_NC/src/ofxIRGenerator.cpp; sourceTree = SOURCE_ROOT; };
		A87DF1D4673BFB254589700F /* XnVMathCommon.h */ = {isa = PBXFileReference; explicitFileType = sourcecode.c.h; fileEncoding = 30; name = XnVMathCommon.h; path = ../../../addons/ofxOpenNI_NC/libs/openni/include/nite/XnVMathCommon.h; sourceTree = SOURCE_ROOT; };
		A935973C9CD13C7EDD4012F1 /* XnHash.h */ = {isa = PBXFileReference; explicitFileType = sourcecode.c.h; fileEncoding = 30; name = XnHash.h; path = ../../../addons/ofxOpenNI_NC/libs/openni/include/openni/XnHash.h; sourceTree = SOURCE_ROOT; };
		AA2797FBB85181D88AD27635 /* XnStatusCodes.h */ = {isa = PBXFileReference; explicitFileType = sourcecode.c.h; fileEncoding = 30; name = XnStatusCodes.h; path = ../../../addons/ofxOpenNI_NC/libs/openni/include/openni/XnStatusCodes.h; sourceTree = SOURCE_ROOT; };
		AA9283516CDF7F84A711D967 /* ofxIRGenerator.h */ = {isa = PBXFileReference; explicitFileType = sourcecode.c.h; fileEncoding = 30; name = ofxIRGenerator.h; path = ../../../addons/ofxOpenNI_NC/src/ofxIRGenerator.h; sourceTree = SOURCE_ROOT; };
		ABC6B4743FFE02BBDC9F2759 /* XnOSMemory.h */ = {isa = PBXFileReference; explicitFileType = sourcecode.c.h; fileEncoding = 30; name = XnOSMemory.h; path = ../../../addons/ofxOpenNI_NC/libs/openni/include/openni/XnOSMemory.h; sourceTree = SOURCE_ROOT; };
		ACDE5FEB94AB5C3F61679823 /* XnModuleCppInterface.h */ = {isa = PBXFileReference; explicitFileType = sourcecode.c.h; fileEncoding = 30; name = XnModuleCppInterface.h; path = ../../../addons/ofxOpenNI_NC/libs/openni/include/openni/XnModuleCppInterface.h; sourceTree = SOURCE_ROOT; };
		AD7694BD7ACF8025C674D0EF /* XnNode.h */ = {isa = PBXFileReference; explicitFileType = sourcecode.c.h; fileEncoding = 30; name = XnNode.h; path = ../../../addons/ofxOpenNI_NC/libs/openni/include/openni/XnNode.h; sourceTree = SOURCE_ROOT; };
		AE9B052ACAC7E4FE54CC5F99 /* XnModuleCFunctions.h */ = {isa = PBXFileReference; explicitFileType = sourcecode.c.h; fileEncoding = 30; name = XnModuleCFunctions.h; path = ../../../addons/ofxOpenNI_NC/libs/openni/include/openni/XnModuleCFunctions.h; sourceTree = SOURCE_ROOT; };
		B0E267B8F3857951908FEFB8 /* XnDumpWriters.h */ = {isa = PBXFileReference; explicitFileType = sourcecode.c.h; fileEncoding = 30; name = XnDumpWriters.h; path = ../../../addons/ofxOpenNI_NC/libs/openni/include/openni/XnDumpWriters.h; sourceTree = SOURCE_ROOT; };
		B104516F10CB4F0475A7C359 /* XnVDeviceGenerator.h */ = {isa = PBXFileReference; explicitFileType = sourcecode.c.h; fileEncoding = 30; name = XnVDeviceGenerator.h; path = ../../../addons/ofxOpenNI_NC/libs/openni/include/nite/XnVDeviceGenerator.h; sourceTree = SOURCE_ROOT; };
		B2CCDE2ADE5AF84460EFBDA4 /* XnOSStrings.h */ = {isa = PBXFileReference; explicitFileType = sourcecode.c.h; fileEncoding = 30; name = XnOSStrings.h; path = ../../../addons/ofxOpenNI_NC/libs/openni/include/openni/XnOSStrings.h; sourceTree = SOURCE_ROOT; };
		B653DE8AD9A5392B418CDB4B /* ofxHandGenerator.cpp */ = {isa = PBXFileReference; explicitFileType = sourcecode.cpp.cpp; fileEncoding = 30; name = ofxHandGenerator.cpp; path = ../../../addons/ofxOpenNI_NC/src/ofxHandGenerator.cpp; sourceTree = SOURCE_ROOT; };
		B6A638F084FF824FC2ACEBF3 /* XnVPointMessage.h */ = {isa = PBXFileReference; explicitFileType = sourcecode.c.h; fileEncoding = 30; name = XnVPointMessage.h; path = ../../../addons/ofxOpenNI_NC/libs/openni/include/nite/XnVPointMessage.h; sourceTree = SOURCE_ROOT; };
		B87C60311EC1FE841C1ECD89 /* ofxLabel.h */ = {isa = PBXFileReference; explicitFileType = sourcecode.c.h; fileEncoding = 30; name = ofxLabel.h; path = ../../../addons/ofxGui/src/ofxLabel.h; sourceTree = SOURCE_ROOT; };
		B8EE78661A732C4AB7C2BCBF /* XnUtils.h */ = {isa = PBXFileReference; explicitFileType = sourcecode.c.h; fileEncoding = 30; name = XnUtils.h; path = ../../../addons/ofxOpenNI_NC/libs/openni/include/openni/XnUtils.h; sourceTree = SOURCE_ROOT; };
		BA0B6F3DA14AC4E271BA1E44 /* XnVDeviceMessage.h */ = {isa = PBXFileReference; explicitFileType = sourcecode.c.h; fileEncoding = 30; name = XnVDeviceMessage.h; path = ../../../addons/ofxOpenNI_NC/libs/openni/include/nite/XnVDeviceMessage.h; sourceTree = SOURCE_ROOT; };
		C1C80A2F3D1FC102AB92BAEA /* ofxGestureGenerator.cpp */ = {isa = PBXFileReference; explicitFileType = sourcecode.cpp.cpp; fileEncoding = 30; name = ofxGestureGenerator.cpp; path = ../../../addons/ofxOpenNI_NC/src/ofxGestureGenerator.cpp; sourceTree = SOURCE_ROOT; };
		C34C43E81457F231F5357ED9 /* XnThreadSafeQueue.h */ = {isa = PBXFileReference; explicitFileType = sourcecode.c.h; fileEncoding = 30; name = XnThreadSafeQueue.h; path = ../../../addons/ofxOpenNI_NC/libs/openni/include/openni/XnThreadSafeQueue.h; sourceTree = SOURCE_ROOT; };
		C39257996127175662C2BBEA /* XnVNiteStatus.h */ = {isa = PBXFileReference; explicitFileType = sourcecode.c.h; fileEncoding = 30; name = XnVNiteStatus.h; path = ../../../addons/ofxOpenNI_NC/libs/openni/include/nite/XnVNiteStatus.h; sourceTree = SOURCE_ROOT; };
		C70D8946940288799E82131E /* ofxSliderGroup.h */ = {isa = PBXFileReference; explicitFileType = sourcecode.c.h; fileEncoding = 30; name = ofxSliderGroup.h; path = ../../../addons/ofxGui/src/ofxSliderGroup.h; sourceTree = SOURCE_ROOT; };
		C73193E9FCA7A0C2DDA7E995 /* XnVNiteVersion.h */ = {isa = PBXFileReference; explicitFileType = sourcecode.c.h; fileEncoding = 30; name = XnVNiteVersion.h; path = ../../../addons/ofxOpenNI_NC/libs/openni/include/nite/XnVNiteVersion.h; sourceTree = SOURCE_ROOT; };
		C77F61D5B026931D2138D6C6 /* XnPlatformLinux-Arm.h */ = {isa = PBXFileReference; explicitFileType = sourcecode.c.h; fileEncoding = 30; name = "XnPlatformLinux-Arm.h"; path = "../../../addons/ofxOpenNI_NC/libs/openni/include/openni/Linux-Arm/XnPlatformLinux-Arm.h"; sourceTree = SOURCE_ROOT; };
		C85822A61100BDE53B829CDB /* XnGeneralBuffer.h */ = {isa = PBXFileReference; explicitFileType = sourcecode.c.h; fileEncoding = 30; name = XnGeneralBuffer.h; path = ../../../addons/ofxOpenNI_NC/libs/openni/include/openni/XnGeneralBuffer.h; sourceTree = SOURCE_ROOT; };
		C88333E71C9457E441C33474 /* ofxButton.cpp */ = {isa = PBXFileReference; explicitFileType = sourcecode.cpp.cpp; fileEncoding = 30; name = ofxButton.cpp; path = ../../../addons/ofxGui/src/ofxButton.cpp; sourceTree = SOURCE_ROOT; };
		C9BF01571E75D798E8A43A0A /* ofxOpenNIMacros.h */ = {isa = PBXFileReference; explicitFileType = sourcecode.c.h; fileEncoding = 30; name = ofxOpenNIMacros.h; path = ../../../addons/ofxOpenNI_NC/src/ofxOpenNIMacros.h; sourceTree = SOURCE_ROOT; };
		CE63B8568C3BD996EF402336 /* XnVFilter.h */ = {isa = PBXFileReference; explicitFileType = sourcecode.c.h; fileEncoding = 30; name = XnVFilter.h; path = ../../../addons/ofxOpenNI_NC/libs/openni/include/nite/XnVFilter.h; sourceTree = SOURCE_ROOT; };
		DA3E44658B57FC568EB6D567 /* XnFPSCalculator.h */ = {isa = PBXFileReference; explicitFileType = sourcecode.c.h; fileEncoding = 30; name = XnFPSCalculator.h; path = ../../../addons/ofxOpenNI_NC/libs/openni/include/openni/XnFPSCalculator.h; sourceTree = SOURCE_ROOT; };
		DA42DF0F7345A13D43974866 /* XnVHandPointContext.h */ = {isa = PBXFileReference; explicitFileType = sourcecode.c.h; fileEncoding = 30; name = XnVHandPointContext.h; path = ../../../addons/ofxOpenNI_NC/libs/openni/include/nite/XnVHandPointContext.h; sourceTree = SOURCE_ROOT; };
		E09E5A790CE0A6CD5BB268A1 /* XnPlatformARC.h */ = {isa = PBXFileReference; explicitFileType = sourcecode.c.h; fileEncoding = 30; name = XnPlatformARC.h; path = ../../../addons/ofxOpenNI_NC/libs/openni/include/openni/ARC/XnPlatformARC.h; sourceTree = SOURCE_ROOT; };
		E112B3AEBEA2C091BF2B40AE /* ofxPanel.cpp */ = {isa = PBXFileReference; explicitFileType = sourcecode.cpp.cpp; fileEncoding = 30; name = ofxPanel.cpp; path = ../../../addons/ofxGui/src/ofxPanel.cpp; sourceTree = SOURCE_ROOT; };
		E262AB2E17A1FA8FDCB8AC7D /* XnVMultiItemHysteresis2D.h */ = {isa = PBXFileReference; explicitFileType = sourcecode.c.h; fileEncoding = 30; name = XnVMultiItemHysteresis2D.h; path = ../../../addons/ofxOpenNI_NC/libs/openni/include/nite/XnVMultiItemHysteresis2D.h; sourceTree = SOURCE_ROOT; };
		E27A754021C945AC6F11A7C1 /* ofxHardwareDriver.h */ = {isa = PBXFileReference; explicitFileType = sourcecode.c.h; fileEncoding = 30; name = ofxHardwareDriver.h; path = ../../../addons/ofxOpenNI_NC/src/ofxHardwareDriver.h; sourceTree = SOURCE_ROOT; };
		E2B4074887BFDDA587F66BB8 /* XnVNiteFramework.h */ = {isa = PBXFileReference; explicitFileType = sourcecode.c.h; fileEncoding = 30; name = XnVNiteFramework.h; path = ../../../addons/ofxOpenNI_NC/libs/openni/include/nite/XnVNiteFramework.h; sourceTree = SOURCE_ROOT; };
		E4328143138ABC890047C5CB /* openFrameworksLib.xcodeproj */ = {isa = PBXFileReference; lastKnownFileType = "wrapper.pb-project"; name = openFrameworksLib.xcodeproj; path = ../../../libs/openFrameworksCompiled/project/osx/openFrameworksLib.xcodeproj; sourceTree = SOURCE_ROOT; };
		E4B69B5B0A3A1756003C02F2 /* testKinectofxOpenNIDebug.app */ = {isa = PBXFileReference; explicitFileType = wrapper.application; includeInIndex = 0; path = testKinectofxOpenNIDebug.app; sourceTree = BUILT_PRODUCTS_DIR; };
		E4B69E1D0A3A1BDC003C02F2 /* main.cpp */ = {isa = PBXFileReference; fileEncoding = 30; lastKnownFileType = sourcecode.cpp.cpp; name = main.cpp; path = src/main.cpp; sourceTree = SOURCE_ROOT; };
		E4B69E1E0A3A1BDC003C02F2 /* ofApp.cpp */ = {isa = PBXFileReference; explicitFileType = sourcecode.cpp.cpp; fileEncoding = 30; name = ofApp.cpp; path = src/ofApp.cpp; sourceTree = SOURCE_ROOT; };
		E4B69E1F0A3A1BDC003C02F2 /* ofApp.h */ = {isa = PBXFileReference; fileEncoding = 30; lastKnownFileType = sourcecode.c.h; name = ofApp.h; path = src/ofApp.h; sourceTree = SOURCE_ROOT; };
		E4B6FCAD0C3E899E008CF71C /* openFrameworks-Info.plist */ = {isa = PBXFileReference; fileEncoding = 30; lastKnownFileType = text.plist.xml; path = "openFrameworks-Info.plist"; sourceTree = "<group>"; };
		E4EB691F138AFCF100A09F29 /* CoreOF.xcconfig */ = {isa = PBXFileReference; fileEncoding = 4; lastKnownFileType = text.xcconfig; name = CoreOF.xcconfig; path = ../../../libs/openFrameworksCompiled/project/osx/CoreOF.xcconfig; sourceTree = SOURCE_ROOT; };
		E4EB6923138AFD0F00A09F29 /* Project.xcconfig */ = {isa = PBXFileReference; fileEncoding = 4; lastKnownFileType = text.xcconfig; path = Project.xcconfig; sourceTree = "<group>"; };
		E617A42F721534BF469FB87D /* XnDerivedCast.h */ = {isa = PBXFileReference; explicitFileType = sourcecode.c.h; fileEncoding = 30; name = XnDerivedCast.h; path = ../../../addons/ofxOpenNI_NC/libs/openni/include/openni/XnDerivedCast.h; sourceTree = SOURCE_ROOT; };
		E67831A7E1F8A5160A0F2AA0 /* ofxTrackedUser.h */ = {isa = PBXFileReference; explicitFileType = sourcecode.c.h; fileEncoding = 30; name = ofxTrackedUser.h; path = ../../../addons/ofxOpenNI_NC/src/ofxTrackedUser.h; sourceTree = SOURCE_ROOT; };
		E9673067ACF7E4B5CE9DE172 /* XnVVirtualCoordinates.h */ = {isa = PBXFileReference; explicitFileType = sourcecode.c.h; fileEncoding = 30; name = XnVVirtualCoordinates.h; path = ../../../addons/ofxOpenNI_NC/libs/openni/include/nite/XnVVirtualCoordinates.h; sourceTree = SOURCE_ROOT; };
		EA3114BBD18627E89698506D /* libusb.h */ = {isa = PBXFileReference; explicitFileType = sourcecode.c.h; fileEncoding = 30; name = libusb.h; path = ../../../addons/ofxOpenNI_NC/libs/openni/include/libusb/libusb.h; sourceTree = SOURCE_ROOT; };
		EC5E923F85E024CFFC3850C1 /* ofxUserGenerator.h */ = {isa = PBXFileReference; explicitFileType = sourcecode.c.h; fileEncoding = 30; name = ofxUserGenerator.h; path = ../../../addons/ofxOpenNI_NC/src/ofxUserGenerator.h; sourceTree = SOURCE_ROOT; };
		ECA5F619ED398A8E0B388AE1 /* XnVMessageMux.h */ = {isa = PBXFileReference; explicitFileType = sourcecode.c.h; fileEncoding = 30; name = XnVMessageMux.h; path = ../../../addons/ofxOpenNI_NC/libs/openni/include/nite/XnVMessageMux.h; sourceTree = SOURCE_ROOT; };
		ECDE1219D4CF91A1DAEC44A7 /* XnVDeviceFilter.h */ = {isa = PBXFileReference; explicitFileType = sourcecode.c.h; fileEncoding = 30; name = XnVDeviceFilter.h; path = ../../../addons/ofxOpenNI_NC/libs/openni/include/nite/XnVDeviceFilter.h; sourceTree = SOURCE_ROOT; };
		ECF8674C7975F1063C5E30CA /* ofxGuiGroup.cpp */ = {isa = PBXFileReference; explicitFileType = sourcecode.cpp.cpp; fileEncoding = 30; name = ofxGuiGroup.cpp; path = ../../../addons/ofxGui/src/ofxGuiGroup.cpp; sourceTree = SOURCE_ROOT; };
		EF076D01C8B378D08C78E19A /* ofxTrackedHand.h */ = {isa = PBXFileReference; explicitFileType = sourcecode.c.h; fileEncoding = 30; name = ofxTrackedHand.h; path = ../../../addons/ofxOpenNI_NC/src/ofxTrackedHand.h; sourceTree = SOURCE_ROOT; };
		EFC407C070291E46C3D8D1E9 /* XnEvent.h */ = {isa = PBXFileReference; explicitFileType = sourcecode.c.h; fileEncoding = 30; name = XnEvent.h; path = ../../../addons/ofxOpenNI_NC/libs/openni/include/openni/XnEvent.h; sourceTree = SOURCE_ROOT; };
		EFCB087EEB96C71FC0DAAA23 /* XnVNiteDefs.h */ = {isa = PBXFileReference; explicitFileType = sourcecode.c.h; fileEncoding = 30; name = XnVNiteDefs.h; path = ../../../addons/ofxOpenNI_NC/libs/openni/include/nite/XnVNiteDefs.h; sourceTree = SOURCE_ROOT; };
		EFDA428EBE0EF5DAE19C3D5F /* XnProfiling.h */ = {isa = PBXFileReference; explicitFileType = sourcecode.c.h; fileEncoding = 30; name = XnProfiling.h; path = ../../../addons/ofxOpenNI_NC/libs/openni/include/openni/XnProfiling.h; sourceTree = SOURCE_ROOT; };
		F1931F2C73E26DFF21197DD1 /* XnVSelectableSlider1D.h */ = {isa = PBXFileReference; explicitFileType = sourcecode.c.h; fileEncoding = 30; name = XnVSelectableSlider1D.h; path = ../../../addons/ofxOpenNI_NC/libs/openni/include/nite/XnVSelectableSlider1D.h; sourceTree = SOURCE_ROOT; };
		F1F55991C5FB843336ACB396 /* ofxTrackedHand.cpp */ = {isa = PBXFileReference; explicitFileType = sourcecode.cpp.cpp; fileEncoding = 30; name = ofxTrackedHand.cpp; path = ../../../addons/ofxOpenNI_NC/src/ofxTrackedHand.cpp; sourceTree = SOURCE_ROOT; };
		F4E22DAB3CA69E22E74BD117 /* ofxOpenNIContext.cpp */ = {isa = PBXFileReference; explicitFileType = sourcecode.cpp.cpp; fileEncoding = 30; name = ofxOpenNIContext.cpp; path = ../../../addons/ofxOpenNI_NC/src/ofxOpenNIContext.cpp; sourceTree = SOURCE_ROOT; };
		F6D9DCB935DBD83E456047BE /* XnLogWriterBase.h */ = {isa = PBXFileReference; explicitFileType = sourcecode.c.h; fileEncoding = 30; name = XnLogWriterBase.h; path = ../../../addons/ofxOpenNI_NC/libs/openni/include/openni/XnLogWriterBase.h; sourceTree = SOURCE_ROOT; };
		F6E088D6D1F234FC89881971 /* XnVSessionManager.h */ = {isa = PBXFileReference; explicitFileType = sourcecode.c.h; fileEncoding = 30; name = XnVSessionManager.h; path = ../../../addons/ofxOpenNI_NC/libs/openni/include/nite/XnVSessionManager.h; sourceTree = SOURCE_ROOT; };
		F8BA62C7B6DE028F9C913B0D /* XnPrdNodeInfoList.h */ = {isa = PBXFileReference; explicitFileType = sourcecode.c.h; fileEncoding = 30; name = XnPrdNodeInfoList.h; path = ../../../addons/ofxOpenNI_NC/libs/openni/include/openni/XnPrdNodeInfoList.h; sourceTree = SOURCE_ROOT; };
		F98F84DA12B32D978B6FBA27 /* XnVSlider2D.h */ = {isa = PBXFileReference; explicitFileType = sourcecode.c.h; fileEncoding = 30; name = XnVSlider2D.h; path = ../../../addons/ofxOpenNI_NC/libs/openni/include/nite/XnVSlider2D.h; sourceTree = SOURCE_ROOT; };
		FA2D41783386D79A5BB1BCA5 /* XnVMultipleHands.h */ = {isa = PBXFileReference; explicitFileType = sourcecode.c.h; fileEncoding = 30; name = XnVMultipleHands.h; path = ../../../addons/ofxOpenNI_NC/libs/openni/include/nite/XnVMultipleHands.h; sourceTree = SOURCE_ROOT; };
		FAF0FE0B71B4546B6A05A4E5 /* XnUSB.h */ = {isa = PBXFileReference; explicitFileType = sourcecode.c.h; fileEncoding = 30; name = XnUSB.h; path = ../../../addons/ofxOpenNI_NC/libs/openni/include/openni/XnUSB.h; sourceTree = SOURCE_ROOT; };
		FAF1D4BFD60CE8C7E9098202 /* XnVSteadyDetector.h */ = {isa = PBXFileReference; explicitFileType = sourcecode.c.h; fileEncoding = 30; name = XnVSteadyDetector.h; path = ../../../addons/ofxOpenNI_NC/libs/openni/include/nite/XnVSteadyDetector.h; sourceTree = SOURCE_ROOT; };
		FBE5A33F85CDC48311A10D8E /* XnDataTypes.h */ = {isa = PBXFileReference; explicitFileType = sourcecode.c.h; fileEncoding = 30; name = XnDataTypes.h; path = ../../../addons/ofxOpenNI_NC/libs/openni/include/openni/XnDataTypes.h; sourceTree = SOURCE_ROOT; };
		FD40D956FC8334139A1E88C0 /* XnVWaveDetector.h */ = {isa = PBXFileReference; explicitFileType = sourcecode.c.h; fileEncoding = 30; name = XnVWaveDetector.h; path = ../../../addons/ofxOpenNI_NC/libs/openni/include/nite/XnVWaveDetector.h; sourceTree = SOURCE_ROOT; };
		FD6DDABE869BCAB7FB86FFFB /* XnOSLinux-x86.h */ = {isa = PBXFileReference; explicitFileType = sourcecode.c.h; fileEncoding = 30; name = "XnOSLinux-x86.h"; path = "../../../addons/ofxOpenNI_NC/libs/openni/include/openni/Linux-x86/XnOSLinux-x86.h"; sourceTree = SOURCE_ROOT; };
		FE4E1D2E1E1F9BC310DCBC61 /* IXnNodeAllocator.h */ = {isa = PBXFileReference; explicitFileType = sourcecode.c.h; fileEncoding = 30; name = IXnNodeAllocator.h; path = ../../../addons/ofxOpenNI_NC/libs/openni/include/openni/IXnNodeAllocator.h; sourceTree = SOURCE_ROOT; };
		FF9AEDA5EACFFB93E8D95F66 /* XnPrdNode.h */ = {isa = PBXFileReference; explicitFileType = sourcecode.c.h; fileEncoding = 30; name = XnPrdNode.h; path = ../../../addons/ofxOpenNI_NC/libs/openni/include/openni/XnPrdNode.h; sourceTree = SOURCE_ROOT; };
/* End PBXFileReference section */

/* Begin PBXFrameworksBuildPhase section */
		E4B69B590A3A1756003C02F2 /* Frameworks */ = {
			isa = PBXFrameworksBuildPhase;
			buildActionMask = 2147483647;
			files = (
				A27A780B1C703F6400D20BDA /* libOpenNI.dylib in Frameworks */,
				E4328149138ABC9F0047C5CB /* openFrameworksDebug.a in Frameworks */,
			);
			runOnlyForDeploymentPostprocessing = 0;
		};
/* End PBXFrameworksBuildPhase section */

/* Begin PBXGroup section */
		3D07055688D570C1F5F7D886 /* Android-Arm */ = {
			isa = PBXGroup;
			children = (
				4CFD58EDB6407ABE21ACFFAB /* XnPlatformAndroid-Arm.h */,
			);
			name = "Android-Arm";
			sourceTree = "<group>";
		};
		3D86E21DBA61A26594F51171 /* ARC */ = {
			isa = PBXGroup;
			children = (
				4A363D687EF3699EFFF5D0E3 /* XnOSARC.h */,
				E09E5A790CE0A6CD5BB268A1 /* XnPlatformARC.h */,
			);
			name = ARC;
			sourceTree = "<group>";
		};
		4547B2F68A622244F31417EA /* nite */ = {
			isa = PBXGroup;
			children = (
				42EFACFBCB704DAF902AC76B /* XnCommon.h */,
				21F3521C11642FB75CAC763F /* XnV3DVector.h */,
				47D0F790106FED8C4F438248 /* XnVActivationMessage.h */,
				80567E2FD97DA63D971A16D6 /* XnVBroadcaster.h */,
				5FB875F00D1861E5A41E7B98 /* XnVCCMessage.h */,
				42113DE82EDF3114D1D1BCA9 /* XnVCircle.h */,
				0E9AE1F6238FD6EB811E9A60 /* XnVCircleDetector.h */,
				35AFD1C71501B33CA9BF3FEC /* XnVClickableVirtualPlane.h */,
				6F01DD0DE7B162A7C6142ADD /* XnVComplexMessage.h */,
				5D7FD90F7C7C1B2DF06FB28A /* XnVDepthControl.h */,
				480F8334CC37BA706C19266D /* XnVDepthGenerator.h */,
				4A0BF0EDA04B94FCFA29FE36 /* XnVDepthMessage.h */,
				8D4134FFED5F8FA8078F25A4 /* XnVDeviceControl.h */,
				ECDE1219D4CF91A1DAEC44A7 /* XnVDeviceFilter.h */,
				B104516F10CB4F0475A7C359 /* XnVDeviceGenerator.h */,
				BA0B6F3DA14AC4E271BA1E44 /* XnVDeviceMessage.h */,
				9C0D2676082736277C48CD51 /* XnVDirection.h */,
				CE63B8568C3BD996EF402336 /* XnVFilter.h */,
				5775A789FBE6AB159CBE3AA9 /* XnVFlowRouter.h */,
				0257B7B7D3C14FED4241775E /* XnVGesture.h */,
				A3DBC54EF9FC96BE0BFE2E13 /* XnVHandle.h */,
				DA42DF0F7345A13D43974866 /* XnVHandPointContext.h */,
				49D1C01426CE3D8AA1734959 /* XnVImageGenerator.h */,
				34A53550D3CB3564208BDA03 /* XnVImageMessage.h */,
				A87DF1D4673BFB254589700F /* XnVMathCommon.h */,
				2C4D267F5C5AE3E639D83BEB /* XnVMessage.h */,
				7516A613AAEF5225B4B63414 /* XnVMessageGenerator.h */,
				5A0E884EC55EA88171DFC51A /* XnVMessageListener.h */,
				ECA5F619ED398A8E0B388AE1 /* XnVMessageMux.h */,
				619C42C379B7C16966025953 /* XnVMultiItemHysteresis1D.h */,
				E262AB2E17A1FA8FDCB8AC7D /* XnVMultiItemHysteresis2D.h */,
				FA2D41783386D79A5BB1BCA5 /* XnVMultipleHands.h */,
				23DDF0F8120591440DF8CA4B /* XnVMultiProcessFlowClient.h */,
				8A877E9618DEE692403D04C2 /* XnVMultiProcessFlowServer.h */,
				160A01F18C51FDC7A7304568 /* XnVNite.h */,
				6D24DB60707E20B81ACA0FEB /* XnVNiteControls.h */,
				EFCB087EEB96C71FC0DAAA23 /* XnVNiteDefs.h */,
				E2B4074887BFDDA587F66BB8 /* XnVNiteFramework.h */,
				A3B194013841924F6D11FF08 /* XnVNiteLog.h */,
				C39257996127175662C2BBEA /* XnVNiteStatus.h */,
				C73193E9FCA7A0C2DDA7E995 /* XnVNiteVersion.h */,
				6F90832DAE1B8AFBD98ADA67 /* XnVPointArea.h */,
				2334F24CF1248121B0D62DEB /* XnVPointControl.h */,
				68A6EA374D24FB904AB8B9B3 /* XnVPointDenoiser.h */,
				1A5179963717EC606721A464 /* XnVPointFilter.h */,
				B6A638F084FF824FC2ACEBF3 /* XnVPointMessage.h */,
				268375E3D5309F9975737B8C /* XnVPointTracker.h */,
				736C4A594831DB8744575B53 /* XnVPushDetector.h */,
				F1931F2C73E26DFF21197DD1 /* XnVSelectableSlider1D.h */,
				94A524B33680B29BAFAD11DE /* XnVSelectableSlider2D.h */,
				588324D30029B1B1C1D31A89 /* XnVSessionGenerator.h */,
				7EE2F9274AE2E7E5B7B5ACC1 /* XnVSessionListener.h */,
				F6E088D6D1F234FC89881971 /* XnVSessionManager.h */,
				06E3AA3BA110BC0E8C384120 /* XnVSessionMessage.h */,
				273146D703007FADC5EC6A43 /* XnVSlider1D.h */,
				F98F84DA12B32D978B6FBA27 /* XnVSlider2D.h */,
				1059BA22B9CDEBF4CBB38776 /* XnVSlider3D.h */,
				FAF1D4BFD60CE8C7E9098202 /* XnVSteadyDetector.h */,
				A6CEA27661EF7F12BAF37BD0 /* XnVSwipeDetector.h */,
				E9673067ACF7E4B5CE9DE172 /* XnVVirtualCoordinates.h */,
				FD40D956FC8334139A1E88C0 /* XnVWaveDetector.h */,
			);
			name = nite;
			sourceTree = "<group>";
		};
		480A780D8D0308AE4A368801 /* ofxGui */ = {
			isa = PBXGroup;
			children = (
				A763ED608B35AE3310251DEE /* src */,
			);
			name = ofxGui;
			sourceTree = "<group>";
		};
		4B0FDC9108E3E03C91CA4FB1 /* include */ = {
			isa = PBXGroup;
			children = (
				A0F54768071DD22B4C34AA86 /* libusb */,
				4547B2F68A622244F31417EA /* nite */,
				8D8F016EBF24C82E56F68291 /* openni */,
			);
			name = include;
			sourceTree = "<group>";
		};
		547EFF0F4BBF5D6B0CD3AD6F /* libs */ = {
			isa = PBXGroup;
			children = (
				A30C5ACB5E03857C4B880A30 /* openni */,
			);
			name = libs;
			sourceTree = "<group>";
		};
		6175C4CC83B1AF356270B3F1 /* MacOSX */ = {
			isa = PBXGroup;
			children = (
				52FD8046C8831BE8A7BB3C78 /* XnPlatformMacOSX.h */,
			);
			name = MacOSX;
			sourceTree = "<group>";
		};
		6948EE371B920CB800B5AC1A /* local_addons */ = {
			isa = PBXGroup;
			children = (
			);
			name = local_addons;
			sourceTree = "<group>";
		};
		8790EA11255FFA4B3F0BA803 /* Linux-x86 */ = {
			isa = PBXGroup;
			children = (
				FD6DDABE869BCAB7FB86FFFB /* XnOSLinux-x86.h */,
				318E910B9FB1120E2F6AEAB2 /* XnPlatformLinux-x86.h */,
			);
			name = "Linux-x86";
			sourceTree = "<group>";
		};
		8D8F016EBF24C82E56F68291 /* openni */ = {
			isa = PBXGroup;
			children = (
				3D07055688D570C1F5F7D886 /* Android-Arm */,
				3D86E21DBA61A26594F51171 /* ARC */,
				FE4E1D2E1E1F9BC310DCBC61 /* IXnNodeAllocator.h */,
				D0A8E0EAF328AA5FDC4DA4D5 /* Linux-Arm */,
				8790EA11255FFA4B3F0BA803 /* Linux-x86 */,
				6175C4CC83B1AF356270B3F1 /* MacOSX */,
				8E49ECAA4147C3AB97603E72 /* Win32 */,
				7F293D6374F65D29ED6286ED /* XnAlgorithms.h */,
				4FFB96DF4D5C9F3E2619829D /* XnArray.h */,
				5C3383CB9CF4F0C27736E2DE /* XnBaseNode.h */,
				8E3FC9F0675D6C69B04E6B8F /* XnBitSet.h */,
				6A2A257DE56506B9F504C2DC /* XnCallback.h */,
				A2EE8D1F2E5F490D5BA1AEFC /* XnCodecIDs.h */,
				6ADC6CC009CA134ABF607112 /* XnContext.h */,
				5A30846B407BE3F066F9ED5C /* XnCppWrapper.h */,
				FBE5A33F85CDC48311A10D8E /* XnDataTypes.h */,
				E617A42F721534BF469FB87D /* XnDerivedCast.h */,
				81D72A87B6ADF35A4D5A7DC0 /* XnDump.h */,
				B0E267B8F3857951908FEFB8 /* XnDumpWriters.h */,
				343FB5E65F8F1899A074584E /* XnEnumerationErrors.h */,
				EFC407C070291E46C3D8D1E9 /* XnEvent.h */,
				DA3E44658B57FC568EB6D567 /* XnFPSCalculator.h */,
				C85822A61100BDE53B829CDB /* XnGeneralBuffer.h */,
				A935973C9CD13C7EDD4012F1 /* XnHash.h */,
				3EB615A1103DE00A295F34E7 /* XnInternalDefs.h */,
				0A496095308500E748F7D3A8 /* XnLicensing.h */,
				A16AC4429EEECA37F0E717F6 /* XnList.h */,
				27FBC45B131AFA359EF725AC /* XnLog.h */,
				31EF261FB9FDE965D7A6D77A /* XnLogTypes.h */,
				F6D9DCB935DBD83E456047BE /* XnLogWriterBase.h */,
				8743B361ECC4317FF4D810D9 /* XnMacros.h */,
				AE9B052ACAC7E4FE54CC5F99 /* XnModuleCFunctions.h */,
				ACDE5FEB94AB5C3F61679823 /* XnModuleCppInterface.h */,
				8E12B403BA051164432484FE /* XnModuleCppRegistratration.h */,
				27950F1BA87EC08C9F8ECE87 /* XnModuleInterface.h */,
				AD7694BD7ACF8025C674D0EF /* XnNode.h */,
				4DD82CA4D8E4BA03CA86FF9F /* XnNodeAllocator.h */,
				7DB71BA9C8D2729D8D671C78 /* XnOpenNI.h */,
				56EE68E307AB3B43281B8D4F /* XnOS.h */,
				4002EBB622479BD85AFCCFC1 /* XnOSCpp.h */,
				ABC6B4743FFE02BBDC9F2759 /* XnOSMemory.h */,
				B2CCDE2ADE5AF84460EFBDA4 /* XnOSStrings.h */,
				50CD1EFC7539AA6A5D5BC01F /* XnPlatform.h */,
				FF9AEDA5EACFFB93E8D95F66 /* XnPrdNode.h */,
				4C5DBA70164ADD8B5DF24595 /* XnPrdNodeInfo.h */,
				F8BA62C7B6DE028F9C913B0D /* XnPrdNodeInfoList.h */,
				EFDA428EBE0EF5DAE19C3D5F /* XnProfiling.h */,
				25AC2B1FCE6FD8BA208DAA22 /* XnPropNames.h */,
				708975E8EEA731CE4A3F7053 /* XnQueries.h */,
				14A138F973F418F2400A5DD0 /* XnQueue.h */,
				30B4659681B92D8887EB315D /* XnScheduler.h */,
				21B131D810CEF2FA55C80A5F /* XnStack.h */,
				07DF136CA1B0AA0AF2C129A4 /* XnStatus.h */,
				AA2797FBB85181D88AD27635 /* XnStatusCodes.h */,
				61A4C030199F978AF485153E /* XnStatusRegister.h */,
				664CA0C7CBB1648E4B164920 /* XnStringsHash.h */,
				C34C43E81457F231F5357ED9 /* XnThreadSafeQueue.h */,
				881AA0BBDEFD27FDE8E4988C /* XnTypes.h */,
				FAF0FE0B71B4546B6A05A4E5 /* XnUSB.h */,
				04D5CCA5E0C702005A4DA01E /* XnUSBDevice.h */,
				B8EE78661A732C4AB7C2BCBF /* XnUtils.h */,
				39870B6608D97D5A0666C21D /* XnVersion.h */,
			);
			name = openni;
			sourceTree = "<group>";
		};
		8E49ECAA4147C3AB97603E72 /* Win32 */ = {
			isa = PBXGroup;
			children = (
				4F567CAB209D81D76F117828 /* usb100.h */,
				0259E81DEF669C89B6DFB544 /* XnOSWin32.h */,
				92725C4BB00C0E85A3592FFD /* XnPlatformWin32.h */,
			);
			name = Win32;
			sourceTree = "<group>";
		};
		A0F54768071DD22B4C34AA86 /* libusb */ = {
			isa = PBXGroup;
			children = (
				EA3114BBD18627E89698506D /* libusb.h */,
			);
			name = libusb;
			sourceTree = "<group>";
		};
		A30C5ACB5E03857C4B880A30 /* openni */ = {
			isa = PBXGroup;
			children = (
				4B0FDC9108E3E03C91CA4FB1 /* include */,
			);
			name = openni;
			sourceTree = "<group>";
		};
		A763ED608B35AE3310251DEE /* src */ = {
			isa = PBXGroup;
			children = (
				9604B925D32EE39065747725 /* ofxBaseGui.cpp */,
				87F26B4B24CBD428AD9EEBAA /* ofxBaseGui.h */,
				C88333E71C9457E441C33474 /* ofxButton.cpp */,
				2834D88A62CD23F3DE2C47D1 /* ofxButton.h */,
				17E65988300FBD9AAA2CD0CA /* ofxGui.h */,
				ECF8674C7975F1063C5E30CA /* ofxGuiGroup.cpp */,
				1C0DA2561397A7DE0246858B /* ofxGuiGroup.h */,
				78D67A00EB899FAC09430597 /* ofxLabel.cpp */,
				B87C60311EC1FE841C1ECD89 /* ofxLabel.h */,
				E112B3AEBEA2C091BF2B40AE /* ofxPanel.cpp */,
				89449E3044D456F7DE7BEA14 /* ofxPanel.h */,
				15F2C6477A769C03A56D1401 /* ofxSlider.cpp */,
				52AFA1F08C420992CAAAE648 /* ofxSlider.h */,
				802251BAF1B35B1D67B32FD0 /* ofxSliderGroup.cpp */,
				C70D8946940288799E82131E /* ofxSliderGroup.h */,
				907C5B5E104864A2D3A25745 /* ofxToggle.cpp */,
				0A1DAC09F322AE313A40706D /* ofxToggle.h */,
			);
			name = src;
			sourceTree = "<group>";
		};
		B4CA4B86D568BA0DA1C9A6DC /* ofxOpenNI_NC */ = {
			isa = PBXGroup;
			children = (
				E410C140DCEA644792880C8D /* src */,
				547EFF0F4BBF5D6B0CD3AD6F /* libs */,
			);
			name = ofxOpenNI_NC;
			sourceTree = "<group>";
		};
		BB4B014C10F69532006C3DED /* addons */ = {
			isa = PBXGroup;
			children = (
				480A780D8D0308AE4A368801 /* ofxGui */,
				B4CA4B86D568BA0DA1C9A6DC /* ofxOpenNI_NC */,
			);
			name = addons;
			sourceTree = "<group>";
		};
		D0A8E0EAF328AA5FDC4DA4D5 /* Linux-Arm */ = {
			isa = PBXGroup;
			children = (
				C77F61D5B026931D2138D6C6 /* XnPlatformLinux-Arm.h */,
			);
			name = "Linux-Arm";
			sourceTree = "<group>";
		};
		E410C140DCEA644792880C8D /* src */ = {
			isa = PBXGroup;
			children = (
				968F744193CB1CB71FC2112E /* ofxDepthGenerator.cpp */,
				2E741421B7EB8C1DE2BDCF2D /* ofxDepthGenerator.h */,
				C1C80A2F3D1FC102AB92BAEA /* ofxGestureGenerator.cpp */,
				09BC57AE45C3C993653D3DE3 /* ofxGestureGenerator.h */,
				B653DE8AD9A5392B418CDB4B /* ofxHandGenerator.cpp */,
				70B4A87C91D23C4D6E0303C0 /* ofxHandGenerator.h */,
				8E8B3CA3DE67CFFBDAFAF5EF /* ofxHardwareDriver.cpp */,
				E27A754021C945AC6F11A7C1 /* ofxHardwareDriver.h */,
				33A0C89CFE0B8CA82059856C /* ofxImageGenerator.cpp */,
				2547421A362F9777ECEB56CB /* ofxImageGenerator.h */,
				A6FC9B266540D401B2D5D2F8 /* ofxIRGenerator.cpp */,
				AA9283516CDF7F84A711D967 /* ofxIRGenerator.h */,
				4844821F542460A6F4461766 /* ofxOpenNI.h */,
				F4E22DAB3CA69E22E74BD117 /* ofxOpenNIContext.cpp */,
				595552FD9E105D4E7893B7B1 /* ofxOpenNIContext.h */,
				C9BF01571E75D798E8A43A0A /* ofxOpenNIMacros.h */,
				372247ACA75768F7484E2CD0 /* ofxOpenNIRecorder.cpp */,
				68BFA1336285DFEC0C6A0486 /* ofxOpenNIRecorder.h */,
				F1F55991C5FB843336ACB396 /* ofxTrackedHand.cpp */,
				EF076D01C8B378D08C78E19A /* ofxTrackedHand.h */,
				3A586DDE2EB50C86D17A9E3F /* ofxTrackedUser.cpp */,
				E67831A7E1F8A5160A0F2AA0 /* ofxTrackedUser.h */,
				5A24F8AFCE5D490A9506BEB6 /* ofxUserGenerator.cpp */,
				EC5E923F85E024CFFC3850C1 /* ofxUserGenerator.h */,
			);
			name = src;
			sourceTree = "<group>";
		};
		E4328144138ABC890047C5CB /* Products */ = {
			isa = PBXGroup;
			children = (
				E4328148138ABC890047C5CB /* openFrameworksDebug.a */,
			);
			name = Products;
			sourceTree = "<group>";
		};
		E4B69B4A0A3A1720003C02F2 = {
			isa = PBXGroup;
			children = (
				A27A780A1C703F6400D20BDA /* libOpenNI.dylib */,
				E4B6FCAD0C3E899E008CF71C /* openFrameworks-Info.plist */,
				E4EB6923138AFD0F00A09F29 /* Project.xcconfig */,
				E4B69E1C0A3A1BDC003C02F2 /* src */,
				E4EEC9E9138DF44700A80321 /* openFrameworks */,
				BB4B014C10F69532006C3DED /* addons */,
				6948EE371B920CB800B5AC1A /* local_addons */,
				E4B69B5B0A3A1756003C02F2 /* testKinectofxOpenNIDebug.app */,
			);
			sourceTree = "<group>";
		};
		E4B69E1C0A3A1BDC003C02F2 /* src */ = {
			isa = PBXGroup;
			children = (
				E4B69E1D0A3A1BDC003C02F2 /* main.cpp */,
				E4B69E1E0A3A1BDC003C02F2 /* ofApp.cpp */,
				E4B69E1F0A3A1BDC003C02F2 /* ofApp.h */,
				A236F0251C71228A007FBB2C /* Particle.cpp */,
				A236F0261C71228A007FBB2C /* Particle.h */,
				A234468B1C722C7D00BFE8A2 /* ParticleSystem.cpp */,
				A234468C1C722C7D00BFE8A2 /* ParticleSystem.h */,
			);
			path = src;
			sourceTree = SOURCE_ROOT;
		};
		E4EEC9E9138DF44700A80321 /* openFrameworks */ = {
			isa = PBXGroup;
			children = (
				E4EB691F138AFCF100A09F29 /* CoreOF.xcconfig */,
				E4328143138ABC890047C5CB /* openFrameworksLib.xcodeproj */,
			);
			name = openFrameworks;
			sourceTree = "<group>";
		};
/* End PBXGroup section */

/* Begin PBXNativeTarget section */
		E4B69B5A0A3A1756003C02F2 /* testKinectofxOpenNI */ = {
			isa = PBXNativeTarget;
			buildConfigurationList = E4B69B5F0A3A1757003C02F2 /* Build configuration list for PBXNativeTarget "testKinectofxOpenNI" */;
			buildPhases = (
				E4B69B580A3A1756003C02F2 /* Sources */,
				E4B69B590A3A1756003C02F2 /* Frameworks */,
				E4B6FFFD0C3F9AB9008CF71C /* ShellScript */,
				E4C2427710CC5ABF004149E2 /* CopyFiles */,
			);
			buildRules = (
			);
			dependencies = (
				E4EEB9AC138B136A00A80321 /* PBXTargetDependency */,
			);
			name = testKinectofxOpenNI;
			productName = myOFApp;
			productReference = E4B69B5B0A3A1756003C02F2 /* testKinectofxOpenNIDebug.app */;
			productType = "com.apple.product-type.application";
		};
/* End PBXNativeTarget section */

/* Begin PBXProject section */
		E4B69B4C0A3A1720003C02F2 /* Project object */ = {
			isa = PBXProject;
			attributes = {
				LastUpgradeCheck = 0600;
			};
			buildConfigurationList = E4B69B4D0A3A1720003C02F2 /* Build configuration list for PBXProject "testKinectofxOpenNI" */;
			compatibilityVersion = "Xcode 3.2";
			developmentRegion = English;
			hasScannedForEncodings = 0;
			knownRegions = (
				English,
				Japanese,
				French,
				German,
			);
			mainGroup = E4B69B4A0A3A1720003C02F2;
			productRefGroup = E4B69B4A0A3A1720003C02F2;
			projectDirPath = "";
			projectReferences = (
				{
					ProductGroup = E4328144138ABC890047C5CB /* Products */;
					ProjectRef = E4328143138ABC890047C5CB /* openFrameworksLib.xcodeproj */;
				},
			);
			projectRoot = "";
			targets = (
				E4B69B5A0A3A1756003C02F2 /* testKinectofxOpenNI */,
			);
		};
/* End PBXProject section */

/* Begin PBXReferenceProxy section */
		E4328148138ABC890047C5CB /* openFrameworksDebug.a */ = {
			isa = PBXReferenceProxy;
			fileType = archive.ar;
			path = openFrameworksDebug.a;
			remoteRef = E4328147138ABC890047C5CB /* PBXContainerItemProxy */;
			sourceTree = BUILT_PRODUCTS_DIR;
		};
/* End PBXReferenceProxy section */

/* Begin PBXShellScriptBuildPhase section */
		E4B6FFFD0C3F9AB9008CF71C /* ShellScript */ = {
			isa = PBXShellScriptBuildPhase;
			buildActionMask = 2147483647;
			files = (
			);
			inputPaths = (
			);
			outputPaths = (
			);
			runOnlyForDeploymentPostprocessing = 0;
			shellPath = /bin/sh;
			shellScript = "rsync -aved ../../../libs/fmodex/lib/osx/libfmodex.dylib \"$TARGET_BUILD_DIR/$PRODUCT_NAME.app/Contents/MacOS/\"; install_name_tool -change ./libfmodex.dylib @executable_path/libfmodex.dylib \"$TARGET_BUILD_DIR/$PRODUCT_NAME.app/Contents/MacOS/$PRODUCT_NAME\";\nmkdir -p \"$TARGET_BUILD_DIR/$PRODUCT_NAME.app/Contents/Resources/\"\nrsync -aved \"$ICON_FILE\" \"$TARGET_BUILD_DIR/$PRODUCT_NAME.app/Contents/Resources/\"\nrsync -aved ../../../libs/glut/lib/osx/GLUT.framework \"$TARGET_BUILD_DIR/$PRODUCT_NAME.app/Contents/Frameworks/\"\n";
		};
/* End PBXShellScriptBuildPhase section */

/* Begin PBXSourcesBuildPhase section */
		E4B69B580A3A1756003C02F2 /* Sources */ = {
			isa = PBXSourcesBuildPhase;
			buildActionMask = 2147483647;
			files = (
				E4B69E200A3A1BDC003C02F2 /* main.cpp in Sources */,
				A236F0271C71228A007FBB2C /* Particle.cpp in Sources */,
				E4B69E210A3A1BDC003C02F2 /* ofApp.cpp in Sources */,
				856AA354D08AB4B323081444 /* ofxBaseGui.cpp in Sources */,
				5CBB2AB3A60F65431D7B555D /* ofxButton.cpp in Sources */,
				B266578FC55D23BFEBC042E7 /* ofxGuiGroup.cpp in Sources */,
				483908258D00B98B4BE69F07 /* ofxLabel.cpp in Sources */,
				F285EB3169F1566CA3D93C20 /* ofxPanel.cpp in Sources */,
				837220E80EB56CD44AD27F2A /* ofxSlider.cpp in Sources */,
				B56FE57CC35806596D38118C /* ofxSliderGroup.cpp in Sources */,
				1CD33E884D9E3358252E82A1 /* ofxToggle.cpp in Sources */,
				364E84C04EAAA7503499AA39 /* ofxDepthGenerator.cpp in Sources */,
				D6BCA197CEF7E8432C0AF1E7 /* ofxGestureGenerator.cpp in Sources */,
				1D25D6E6AE2F67E43CF6DDB5 /* ofxHandGenerator.cpp in Sources */,
				BB1439B371F00950B3CB67E0 /* ofxHardwareDriver.cpp in Sources */,
				418346CDE600300D3E7F50B7 /* ofxImageGenerator.cpp in Sources */,
				FF0EF0CA1798398E26CA3EE6 /* ofxIRGenerator.cpp in Sources */,
				26B614E2359EBDB37A5D650B /* ofxOpenNIContext.cpp in Sources */,
				BC71C1F0AD16FA8D0209A28E /* ofxOpenNIRecorder.cpp in Sources */,
				A234468D1C722C7D00BFE8A2 /* ParticleSystem.cpp in Sources */,
				61EF35710DBE6080B4A0FD55 /* ofxTrackedHand.cpp in Sources */,
				33EC4D772F294CE539AAE999 /* ofxTrackedUser.cpp in Sources */,
				DEF41A8F6B551BD14E2DE3DA /* ofxUserGenerator.cpp in Sources */,
			);
			runOnlyForDeploymentPostprocessing = 0;
		};
/* End PBXSourcesBuildPhase section */

/* Begin PBXTargetDependency section */
		E4EEB9AC138B136A00A80321 /* PBXTargetDependency */ = {
			isa = PBXTargetDependency;
			name = openFrameworks;
			targetProxy = E4EEB9AB138B136A00A80321 /* PBXContainerItemProxy */;
		};
/* End PBXTargetDependency section */

/* Begin XCBuildConfiguration section */
		E4B69B4E0A3A1720003C02F2 /* Debug */ = {
			isa = XCBuildConfiguration;
			baseConfigurationReference = E4EB6923138AFD0F00A09F29 /* Project.xcconfig */;
			buildSettings = {
				CONFIGURATION_BUILD_DIR = "$(SRCROOT)/bin/";
				COPY_PHASE_STRIP = NO;
				DEAD_CODE_STRIPPING = YES;
				GCC_AUTO_VECTORIZATION = YES;
				GCC_ENABLE_SSE3_EXTENSIONS = YES;
				GCC_ENABLE_SUPPLEMENTAL_SSE3_INSTRUCTIONS = YES;
				GCC_INLINES_ARE_PRIVATE_EXTERN = NO;
				GCC_OPTIMIZATION_LEVEL = 0;
				GCC_SYMBOLS_PRIVATE_EXTERN = NO;
				GCC_WARN_ABOUT_DEPRECATED_FUNCTIONS = YES;
				GCC_WARN_ABOUT_INVALID_OFFSETOF_MACRO = NO;
				GCC_WARN_ALLOW_INCOMPLETE_PROTOCOL = NO;
				GCC_WARN_UNINITIALIZED_AUTOS = NO;
				GCC_WARN_UNUSED_VALUE = NO;
				GCC_WARN_UNUSED_VARIABLE = NO;
				HEADER_SEARCH_PATHS = (
					"$(OF_CORE_HEADERS)",
					../../../addons/ofxGui/src,
					../../../addons/ofxOpenNI_NC/libs,
					../../../addons/ofxOpenNI_NC/libs/openni,
					../../../addons/ofxOpenNI_NC/libs/openni/include,
					../../../addons/ofxOpenNI_NC/libs/openni/include/libusb,
					../../../addons/ofxOpenNI_NC/libs/openni/include/nite,
					../../../addons/ofxOpenNI_NC/libs/openni/include/openni,
					../../../addons/ofxOpenNI_NC/libs/openni/include/openni/ARC,
					"../../../addons/ofxOpenNI_NC/libs/openni/include/openni/Android-Arm",
					"../../../addons/ofxOpenNI_NC/libs/openni/include/openni/Linux-Arm",
					"../../../addons/ofxOpenNI_NC/libs/openni/include/openni/Linux-x86",
					../../../addons/ofxOpenNI_NC/libs/openni/include/openni/MacOSX,
					../../../addons/ofxOpenNI_NC/libs/openni/include/openni/Win32,
					../../../addons/ofxOpenNI_NC/src,
				);
				MACOSX_DEPLOYMENT_TARGET = 10.8;
				ONLY_ACTIVE_ARCH = YES;
				OTHER_CPLUSPLUSFLAGS = (
					"-D__MACOSX_CORE__",
					"-mtune=native",
				);
				SDKROOT = macosx;
			};
			name = Debug;
		};
		E4B69B4F0A3A1720003C02F2 /* Release */ = {
			isa = XCBuildConfiguration;
			baseConfigurationReference = E4EB6923138AFD0F00A09F29 /* Project.xcconfig */;
			buildSettings = {
				CONFIGURATION_BUILD_DIR = "$(SRCROOT)/bin/";
				COPY_PHASE_STRIP = YES;
				DEAD_CODE_STRIPPING = YES;
				GCC_AUTO_VECTORIZATION = YES;
				GCC_ENABLE_SSE3_EXTENSIONS = YES;
				GCC_ENABLE_SUPPLEMENTAL_SSE3_INSTRUCTIONS = YES;
				GCC_INLINES_ARE_PRIVATE_EXTERN = NO;
				GCC_OPTIMIZATION_LEVEL = 3;
				GCC_SYMBOLS_PRIVATE_EXTERN = NO;
				GCC_UNROLL_LOOPS = YES;
				GCC_WARN_ABOUT_DEPRECATED_FUNCTIONS = YES;
				GCC_WARN_ABOUT_INVALID_OFFSETOF_MACRO = NO;
				GCC_WARN_ALLOW_INCOMPLETE_PROTOCOL = NO;
				GCC_WARN_UNINITIALIZED_AUTOS = NO;
				GCC_WARN_UNUSED_VALUE = NO;
				GCC_WARN_UNUSED_VARIABLE = NO;
				HEADER_SEARCH_PATHS = (
					"$(OF_CORE_HEADERS)",
					../../../addons/ofxGui/src,
					../../../addons/ofxOpenNI_NC/libs,
					../../../addons/ofxOpenNI_NC/libs/openni,
					../../../addons/ofxOpenNI_NC/libs/openni/include,
					../../../addons/ofxOpenNI_NC/libs/openni/include/libusb,
					../../../addons/ofxOpenNI_NC/libs/openni/include/nite,
					../../../addons/ofxOpenNI_NC/libs/openni/include/openni,
					../../../addons/ofxOpenNI_NC/libs/openni/include/openni/ARC,
					"../../../addons/ofxOpenNI_NC/libs/openni/include/openni/Android-Arm",
					"../../../addons/ofxOpenNI_NC/libs/openni/include/openni/Linux-Arm",
					"../../../addons/ofxOpenNI_NC/libs/openni/include/openni/Linux-x86",
					../../../addons/ofxOpenNI_NC/libs/openni/include/openni/MacOSX,
					../../../addons/ofxOpenNI_NC/libs/openni/include/openni/Win32,
					../../../addons/ofxOpenNI_NC/src,
				);
				MACOSX_DEPLOYMENT_TARGET = 10.8;
				OTHER_CPLUSPLUSFLAGS = (
					"-D__MACOSX_CORE__",
					"-mtune=native",
				);
				SDKROOT = macosx;
			};
			name = Release;
		};
		E4B69B600A3A1757003C02F2 /* Debug */ = {
			isa = XCBuildConfiguration;
			baseConfigurationReference = E4EB6923138AFD0F00A09F29 /* Project.xcconfig */;
			buildSettings = {
				COMBINE_HIDPI_IMAGES = YES;
				COPY_PHASE_STRIP = NO;
				FRAMEWORK_SEARCH_PATHS = (
					"$(inherited)",
					"$(FRAMEWORK_SEARCH_PATHS_QUOTED_FOR_TARGET_1)",
				);
				FRAMEWORK_SEARCH_PATHS_QUOTED_FOR_TARGET_1 = "\"$(SRCROOT)/../../../libs/glut/lib/osx\"";
				GCC_DYNAMIC_NO_PIC = NO;
				GCC_GENERATE_DEBUGGING_SYMBOLS = YES;
				GCC_MODEL_TUNING = NONE;
				HEADER_SEARCH_PATHS = (
					"$(OF_CORE_HEADERS)",
					../../../addons/ofxGui/src,
					../../../addons/ofxOpenNI_NC/libs,
					../../../addons/ofxOpenNI_NC/libs/openni,
					../../../addons/ofxOpenNI_NC/libs/openni/include,
					../../../addons/ofxOpenNI_NC/libs/openni/include/libusb,
					../../../addons/ofxOpenNI_NC/libs/openni/include/nite,
					../../../addons/ofxOpenNI_NC/libs/openni/include/openni,
					../../../addons/ofxOpenNI_NC/libs/openni/include/openni/ARC,
					"../../../addons/ofxOpenNI_NC/libs/openni/include/openni/Android-Arm",
					"../../../addons/ofxOpenNI_NC/libs/openni/include/openni/Linux-Arm",
					"../../../addons/ofxOpenNI_NC/libs/openni/include/openni/Linux-x86",
					../../../addons/ofxOpenNI_NC/libs/openni/include/openni/MacOSX,
					../../../addons/ofxOpenNI_NC/libs/openni/include/openni/Win32,
					../../../addons/ofxOpenNI_NC/src,
				);
				ICON = "$(ICON_NAME_DEBUG)";
				ICON_FILE = "$(ICON_FILE_PATH)$(ICON)";
				INFOPLIST_FILE = "openFrameworks-Info.plist";
				INSTALL_PATH = "$(HOME)/Applications";
				LIBRARY_SEARCH_PATHS = (
					"$(inherited)",
					"\"$(SRCROOT)/bin/data/openni/lib\"",
				);
				PRODUCT_NAME = "$(TARGET_NAME)Debug";
				WRAPPER_EXTENSION = app;
			};
			name = Debug;
		};
		E4B69B610A3A1757003C02F2 /* Release */ = {
			isa = XCBuildConfiguration;
			baseConfigurationReference = E4EB6923138AFD0F00A09F29 /* Project.xcconfig */;
			buildSettings = {
				COMBINE_HIDPI_IMAGES = YES;
				COPY_PHASE_STRIP = YES;
				FRAMEWORK_SEARCH_PATHS = (
					"$(inherited)",
					"$(FRAMEWORK_SEARCH_PATHS_QUOTED_FOR_TARGET_1)",
				);
				FRAMEWORK_SEARCH_PATHS_QUOTED_FOR_TARGET_1 = "\"$(SRCROOT)/../../../libs/glut/lib/osx\"";
				GCC_GENERATE_DEBUGGING_SYMBOLS = YES;
				GCC_MODEL_TUNING = NONE;
				HEADER_SEARCH_PATHS = (
					"$(OF_CORE_HEADERS)",
					../../../addons/ofxGui/src,
					../../../addons/ofxOpenNI_NC/libs,
					../../../addons/ofxOpenNI_NC/libs/openni,
					../../../addons/ofxOpenNI_NC/libs/openni/include,
					../../../addons/ofxOpenNI_NC/libs/openni/include/libusb,
					../../../addons/ofxOpenNI_NC/libs/openni/include/nite,
					../../../addons/ofxOpenNI_NC/libs/openni/include/openni,
					../../../addons/ofxOpenNI_NC/libs/openni/include/openni/ARC,
					"../../../addons/ofxOpenNI_NC/libs/openni/include/openni/Android-Arm",
					"../../../addons/ofxOpenNI_NC/libs/openni/include/openni/Linux-Arm",
					"../../../addons/ofxOpenNI_NC/libs/openni/include/openni/Linux-x86",
					../../../addons/ofxOpenNI_NC/libs/openni/include/openni/MacOSX,
					../../../addons/ofxOpenNI_NC/libs/openni/include/openni/Win32,
					../../../addons/ofxOpenNI_NC/src,
				);
				ICON = "$(ICON_NAME_RELEASE)";
				ICON_FILE = "$(ICON_FILE_PATH)$(ICON)";
				INFOPLIST_FILE = "openFrameworks-Info.plist";
				INSTALL_PATH = "$(HOME)/Applications";
				LIBRARY_SEARCH_PATHS = (
					"$(inherited)",
					"\"$(SRCROOT)/bin/data/openni/lib\"",
				);
				PRODUCT_NAME = "$(TARGET_NAME)";
				WRAPPER_EXTENSION = app;
				baseConfigurationReference = E4EB6923138AFD0F00A09F29;
			};
			name = Release;
		};
/* End XCBuildConfiguration section */

/* Begin XCConfigurationList section */
		E4B69B4D0A3A1720003C02F2 /* Build configuration list for PBXProject "testKinectofxOpenNI" */ = {
			isa = XCConfigurationList;
			buildConfigurations = (
				E4B69B4E0A3A1720003C02F2 /* Debug */,
				E4B69B4F0A3A1720003C02F2 /* Release */,
			);
			defaultConfigurationIsVisible = 0;
			defaultConfigurationName = Release;
		};
		E4B69B5F0A3A1757003C02F2 /* Build configuration list for PBXNativeTarget "testKinectofxOpenNI" */ = {
			isa = XCConfigurationList;
			buildConfigurations = (
				E4B69B600A3A1757003C02F2 /* Debug */,
				E4B69B610A3A1757003C02F2 /* Release */,
			);
			defaultConfigurationIsVisible = 0;
			defaultConfigurationName = Release;
		};
/* End XCConfigurationList section */
	};
	rootObject = E4B69B4C0A3A1720003C02F2 /* Project object */;
}
